// !$*UTF8*$!
{
	archiveVersion = 1;
	classes = {
	};
	objectVersion = 56;
	objects = {

/* Begin PBXBuildFile section */
		78A8966F2A15F7D600BC5B56 /* g_local.h in Headers */ = {isa = PBXBuildFile; fileRef = 78A896682A15F7D600BC5B56 /* g_local.h */; };
		78A896702A15F7D600BC5B56 /* g_spawn.c in Sources */ = {isa = PBXBuildFile; fileRef = 78A896692A15F7D600BC5B56 /* g_spawn.c */; };
		78A896712A15F7D600BC5B56 /* g_doodads.c in Sources */ = {isa = PBXBuildFile; fileRef = 78A8966A2A15F7D600BC5B56 /* g_doodads.c */; };
		78A896722A15F7D600BC5B56 /* g_main.c in Sources */ = {isa = PBXBuildFile; fileRef = 78A8966B2A15F7D600BC5B56 /* g_main.c */; };
		78A896732A15F7D600BC5B56 /* g_destructables.c in Sources */ = {isa = PBXBuildFile; fileRef = 78A8966C2A15F7D600BC5B56 /* g_destructables.c */; };
		78A896742A15F7D600BC5B56 /* g_units.c in Sources */ = {isa = PBXBuildFile; fileRef = 78A8966D2A15F7D600BC5B56 /* g_units.c */; };
		78A896752A15F7D600BC5B56 /* m_peon.c in Sources */ = {isa = PBXBuildFile; fileRef = 78A8966E2A15F7D600BC5B56 /* m_peon.c */; };
		78E91BFB2A169439003D9F3A /* g_monster.c in Sources */ = {isa = PBXBuildFile; fileRef = 78E91BFA2A169439003D9F3A /* g_monster.c */; };
		78E91BFE2A169771003D9F3A /* libcmath3.dylib in Frameworks */ = {isa = PBXBuildFile; fileRef = 78E91BFD2A169771003D9F3A /* libcmath3.dylib */; };
/* End PBXBuildFile section */

/* Begin PBXFileReference section */
		78A8964D2A15F7A500BC5B56 /* libgame.dylib */ = {isa = PBXFileReference; explicitFileType = "compiled.mach-o.dylib"; includeInIndex = 0; path = libgame.dylib; sourceTree = BUILT_PRODUCTS_DIR; };
		78A896682A15F7D600BC5B56 /* g_local.h */ = {isa = PBXFileReference; fileEncoding = 4; lastKnownFileType = sourcecode.c.h; path = g_local.h; sourceTree = "<group>"; };
		78A896692A15F7D600BC5B56 /* g_spawn.c */ = {isa = PBXFileReference; fileEncoding = 4; lastKnownFileType = sourcecode.c.c; path = g_spawn.c; sourceTree = "<group>"; };
		78A8966A2A15F7D600BC5B56 /* g_doodads.c */ = {isa = PBXFileReference; fileEncoding = 4; lastKnownFileType = sourcecode.c.c; path = g_doodads.c; sourceTree = "<group>"; };
		78A8966B2A15F7D600BC5B56 /* g_main.c */ = {isa = PBXFileReference; fileEncoding = 4; lastKnownFileType = sourcecode.c.c; path = g_main.c; sourceTree = "<group>"; };
		78A8966C2A15F7D600BC5B56 /* g_destructables.c */ = {isa = PBXFileReference; fileEncoding = 4; lastKnownFileType = sourcecode.c.c; path = g_destructables.c; sourceTree = "<group>"; };
		78A8966D2A15F7D600BC5B56 /* g_units.c */ = {isa = PBXFileReference; fileEncoding = 4; lastKnownFileType = sourcecode.c.c; path = g_units.c; sourceTree = "<group>"; };
		78A8966E2A15F7D600BC5B56 /* m_peon.c */ = {isa = PBXFileReference; fileEncoding = 4; lastKnownFileType = sourcecode.c.c; path = m_peon.c; sourceTree = "<group>"; };
		78E91BFA2A169439003D9F3A /* g_monster.c */ = {isa = PBXFileReference; lastKnownFileType = sourcecode.c.c; path = g_monster.c; sourceTree = "<group>"; };
		78E91BFD2A169771003D9F3A /* libcmath3.dylib */ = {isa = PBXFileReference; explicitFileType = "compiled.mach-o.dylib"; path = libcmath3.dylib; sourceTree = BUILT_PRODUCTS_DIR; };
/* End PBXFileReference section */

/* Begin PBXFrameworksBuildPhase section */
		78A8964B2A15F7A500BC5B56 /* Frameworks */ = {
			isa = PBXFrameworksBuildPhase;
			buildActionMask = 2147483647;
			files = (
				78E91BFE2A169771003D9F3A /* libcmath3.dylib in Frameworks */,
			);
			runOnlyForDeploymentPostprocessing = 0;
		};
/* End PBXFrameworksBuildPhase section */

/* Begin PBXGroup section */
		78A896442A15F7A500BC5B56 = {
			isa = PBXGroup;
			children = (
				78E91BFC2A169771003D9F3A /* Frameworks */,
				78A8966C2A15F7D600BC5B56 /* g_destructables.c */,
				78A8966A2A15F7D600BC5B56 /* g_doodads.c */,
				78A896682A15F7D600BC5B56 /* g_local.h */,
				78A8966B2A15F7D600BC5B56 /* g_main.c */,
				78E91BFA2A169439003D9F3A /* g_monster.c */,
				78A896692A15F7D600BC5B56 /* g_spawn.c */,
				78A8966D2A15F7D600BC5B56 /* g_units.c */,
				78A8966E2A15F7D600BC5B56 /* m_peon.c */,
				78A8964E2A15F7A500BC5B56 /* Products */,
			);
			sourceTree = "<group>";
		};
		78A8964E2A15F7A500BC5B56 /* Products */ = {
			isa = PBXGroup;
			children = (
				78A8964D2A15F7A500BC5B56 /* libgame.dylib */,
			);
			name = Products;
			sourceTree = "<group>";
		};
		78E91BFC2A169771003D9F3A /* Frameworks */ = {
			isa = PBXGroup;
			children = (
				78E91BFD2A169771003D9F3A /* libcmath3.dylib */,
			);
			name = Frameworks;
			sourceTree = "<group>";
		};
/* End PBXGroup section */

/* Begin PBXHeadersBuildPhase section */
		78A896492A15F7A500BC5B56 /* Headers */ = {
			isa = PBXHeadersBuildPhase;
			buildActionMask = 2147483647;
			files = (
				78A8966F2A15F7D600BC5B56 /* g_local.h in Headers */,
			);
			runOnlyForDeploymentPostprocessing = 0;
		};
/* End PBXHeadersBuildPhase section */

/* Begin PBXNativeTarget section */
		78A8964C2A15F7A500BC5B56 /* game */ = {
			isa = PBXNativeTarget;
			buildConfigurationList = 78A896512A15F7A500BC5B56 /* Build configuration list for PBXNativeTarget "game" */;
			buildPhases = (
				78A896492A15F7A500BC5B56 /* Headers */,
				78A8964A2A15F7A500BC5B56 /* Sources */,
				78A8964B2A15F7A500BC5B56 /* Frameworks */,
			);
			buildRules = (
			);
			dependencies = (
			);
			name = game;
			productName = game;
			productReference = 78A8964D2A15F7A500BC5B56 /* libgame.dylib */;
			productType = "com.apple.product-type.library.dynamic";
		};
/* End PBXNativeTarget section */

/* Begin PBXProject section */
		78A896452A15F7A500BC5B56 /* Project object */ = {
			isa = PBXProject;
			attributes = {
				BuildIndependentTargetsInParallel = 1;
				LastUpgradeCheck = 1420;
				TargetAttributes = {
					78A8964C2A15F7A500BC5B56 = {
						CreatedOnToolsVersion = 14.2;
					};
				};
			};
			buildConfigurationList = 78A896482A15F7A500BC5B56 /* Build configuration list for PBXProject "game" */;
			compatibilityVersion = "Xcode 14.0";
			developmentRegion = en;
			hasScannedForEncodings = 0;
			knownRegions = (
				en,
				Base,
			);
			mainGroup = 78A896442A15F7A500BC5B56;
			productRefGroup = 78A8964E2A15F7A500BC5B56 /* Products */;
			projectDirPath = "";
			projectRoot = "";
			targets = (
				78A8964C2A15F7A500BC5B56 /* game */,
			);
		};
/* End PBXProject section */

/* Begin PBXSourcesBuildPhase section */
		78A8964A2A15F7A500BC5B56 /* Sources */ = {
			isa = PBXSourcesBuildPhase;
			buildActionMask = 2147483647;
			files = (
				78A896722A15F7D600BC5B56 /* g_main.c in Sources */,
				78A896732A15F7D600BC5B56 /* g_destructables.c in Sources */,
				78A896712A15F7D600BC5B56 /* g_doodads.c in Sources */,
				78A896752A15F7D600BC5B56 /* m_peon.c in Sources */,
				78A896742A15F7D600BC5B56 /* g_units.c in Sources */,
				78E91BFB2A169439003D9F3A /* g_monster.c in Sources */,
				78A896702A15F7D600BC5B56 /* g_spawn.c in Sources */,
			);
			runOnlyForDeploymentPostprocessing = 0;
		};
/* End PBXSourcesBuildPhase section */

/* Begin XCBuildConfiguration section */
		78A8964F2A15F7A500BC5B56 /* Debug */ = {
			isa = XCBuildConfiguration;
			buildSettings = {
				ALWAYS_SEARCH_USER_PATHS = NO;
				CLANG_ANALYZER_NONNULL = YES;
				CLANG_ANALYZER_NUMBER_OBJECT_CONVERSION = YES_AGGRESSIVE;
				CLANG_CXX_LANGUAGE_STANDARD = "gnu++20";
				CLANG_ENABLE_MODULES = YES;
				CLANG_ENABLE_OBJC_ARC = YES;
				CLANG_ENABLE_OBJC_WEAK = YES;
				CLANG_WARN_BLOCK_CAPTURE_AUTORELEASING = YES;
				CLANG_WARN_BOOL_CONVERSION = YES;
				CLANG_WARN_COMMA = YES;
				CLANG_WARN_CONSTANT_CONVERSION = YES;
				CLANG_WARN_DEPRECATED_OBJC_IMPLEMENTATIONS = YES;
				CLANG_WARN_DIRECT_OBJC_ISA_USAGE = YES_ERROR;
				CLANG_WARN_DOCUMENTATION_COMMENTS = YES;
				CLANG_WARN_EMPTY_BODY = YES;
				CLANG_WARN_ENUM_CONVERSION = YES;
				CLANG_WARN_INFINITE_RECURSION = YES;
				CLANG_WARN_INT_CONVERSION = YES;
				CLANG_WARN_NON_LITERAL_NULL_CONVERSION = YES;
				CLANG_WARN_OBJC_IMPLICIT_RETAIN_SELF = YES;
				CLANG_WARN_OBJC_LITERAL_CONVERSION = YES;
				CLANG_WARN_OBJC_ROOT_CLASS = YES_ERROR;
				CLANG_WARN_QUOTED_INCLUDE_IN_FRAMEWORK_HEADER = YES;
				CLANG_WARN_RANGE_LOOP_ANALYSIS = YES;
				CLANG_WARN_STRICT_PROTOTYPES = YES;
				CLANG_WARN_SUSPICIOUS_MOVE = YES;
				CLANG_WARN_UNGUARDED_AVAILABILITY = YES_AGGRESSIVE;
				CLANG_WARN_UNREACHABLE_CODE = YES;
				CLANG_WARN__DUPLICATE_METHOD_MATCH = YES;
				COPY_PHASE_STRIP = NO;
				DEBUG_INFORMATION_FORMAT = dwarf;
				ENABLE_STRICT_OBJC_MSGSEND = YES;
				ENABLE_TESTABILITY = YES;
				GCC_C_LANGUAGE_STANDARD = gnu11;
				GCC_DYNAMIC_NO_PIC = NO;
				GCC_NO_COMMON_BLOCKS = YES;
				GCC_OPTIMIZATION_LEVEL = 0;
				GCC_PREPROCESSOR_DEFINITIONS = (
					"DEBUG=1",
					"$(inherited)",
				);
				GCC_WARN_64_TO_32_BIT_CONVERSION = YES;
				GCC_WARN_ABOUT_RETURN_TYPE = YES_ERROR;
				GCC_WARN_UNDECLARED_SELECTOR = YES;
				GCC_WARN_UNINITIALIZED_AUTOS = YES_AGGRESSIVE;
				GCC_WARN_UNUSED_FUNCTION = YES;
				GCC_WARN_UNUSED_VARIABLE = YES;
				MACOSX_DEPLOYMENT_TARGET = 13.0;
				MTL_ENABLE_DEBUG_INFO = INCLUDE_SOURCE;
				MTL_FAST_MATH = YES;
				ONLY_ACTIVE_ARCH = YES;
				SDKROOT = macosx;
			};
			name = Debug;
		};
		78A896502A15F7A500BC5B56 /* Release */ = {
			isa = XCBuildConfiguration;
			buildSettings = {
				ALWAYS_SEARCH_USER_PATHS = NO;
				CLANG_ANALYZER_NONNULL = YES;
				CLANG_ANALYZER_NUMBER_OBJECT_CONVERSION = YES_AGGRESSIVE;
				CLANG_CXX_LANGUAGE_STANDARD = "gnu++20";
				CLANG_ENABLE_MODULES = YES;
				CLANG_ENABLE_OBJC_ARC = YES;
				CLANG_ENABLE_OBJC_WEAK = YES;
				CLANG_WARN_BLOCK_CAPTURE_AUTORELEASING = YES;
				CLANG_WARN_BOOL_CONVERSION = YES;
				CLANG_WARN_COMMA = YES;
				CLANG_WARN_CONSTANT_CONVERSION = YES;
				CLANG_WARN_DEPRECATED_OBJC_IMPLEMENTATIONS = YES;
				CLANG_WARN_DIRECT_OBJC_ISA_USAGE = YES_ERROR;
				CLANG_WARN_DOCUMENTATION_COMMENTS = YES;
				CLANG_WARN_EMPTY_BODY = YES;
				CLANG_WARN_ENUM_CONVERSION = YES;
				CLANG_WARN_INFINITE_RECURSION = YES;
				CLANG_WARN_INT_CONVERSION = YES;
				CLANG_WARN_NON_LITERAL_NULL_CONVERSION = YES;
				CLANG_WARN_OBJC_IMPLICIT_RETAIN_SELF = YES;
				CLANG_WARN_OBJC_LITERAL_CONVERSION = YES;
				CLANG_WARN_OBJC_ROOT_CLASS = YES_ERROR;
				CLANG_WARN_QUOTED_INCLUDE_IN_FRAMEWORK_HEADER = YES;
				CLANG_WARN_RANGE_LOOP_ANALYSIS = YES;
				CLANG_WARN_STRICT_PROTOTYPES = YES;
				CLANG_WARN_SUSPICIOUS_MOVE = YES;
				CLANG_WARN_UNGUARDED_AVAILABILITY = YES_AGGRESSIVE;
				CLANG_WARN_UNREACHABLE_CODE = YES;
				CLANG_WARN__DUPLICATE_METHOD_MATCH = YES;
				COPY_PHASE_STRIP = NO;
				DEBUG_INFORMATION_FORMAT = "dwarf-with-dsym";
				ENABLE_NS_ASSERTIONS = NO;
				ENABLE_STRICT_OBJC_MSGSEND = YES;
				GCC_C_LANGUAGE_STANDARD = gnu11;
				GCC_NO_COMMON_BLOCKS = YES;
				GCC_WARN_64_TO_32_BIT_CONVERSION = YES;
				GCC_WARN_ABOUT_RETURN_TYPE = YES_ERROR;
				GCC_WARN_UNDECLARED_SELECTOR = YES;
				GCC_WARN_UNINITIALIZED_AUTOS = YES_AGGRESSIVE;
				GCC_WARN_UNUSED_FUNCTION = YES;
				GCC_WARN_UNUSED_VARIABLE = YES;
				MACOSX_DEPLOYMENT_TARGET = 13.0;
				MTL_ENABLE_DEBUG_INFO = NO;
				MTL_FAST_MATH = YES;
				SDKROOT = macosx;
			};
			name = Release;
		};
		78A896522A15F7A500BC5B56 /* Debug */ = {
			isa = XCBuildConfiguration;
			buildSettings = {
				CODE_SIGN_STYLE = Automatic;
				DEVELOPMENT_TEAM = BM2R8F5YHC;
				DYLIB_COMPATIBILITY_VERSION = 1;
				DYLIB_CURRENT_VERSION = 1;
				EXECUTABLE_PREFIX = lib;
				PRODUCT_NAME = "$(TARGET_NAME)";
				SKIP_INSTALL = YES;
			};
			name = Debug;
		};
		78A896532A15F7A500BC5B56 /* Release */ = {
			isa = XCBuildConfiguration;
			buildSettings = {
				CODE_SIGN_STYLE = Automatic;
				DEVELOPMENT_TEAM = BM2R8F5YHC;
				DYLIB_COMPATIBILITY_VERSION = 1;
				DYLIB_CURRENT_VERSION = 1;
				EXECUTABLE_PREFIX = lib;
				PRODUCT_NAME = "$(TARGET_NAME)";
				SKIP_INSTALL = YES;
			};
			name = Release;
		};
/* End XCBuildConfiguration section */

/* Begin XCConfigurationList section */
		78A896482A15F7A500BC5B56 /* Build configuration list for PBXProject "game" */ = {
			isa = XCConfigurationList;
			buildConfigurations = (
				78A8964F2A15F7A500BC5B56 /* Debug */,
				78A896502A15F7A500BC5B56 /* Release */,
			);
			defaultConfigurationIsVisible = 0;
			defaultConfigurationName = Release;
		};
		78A896512A15F7A500BC5B56 /* Build configuration list for PBXNativeTarget "game" */ = {
			isa = XCConfigurationList;
			buildConfigurations = (
				78A896522A15F7A500BC5B56 /* Debug */,
				78A896532A15F7A500BC5B56 /* Release */,
			);
			defaultConfigurationIsVisible = 0;
			defaultConfigurationName = Release;
		};
/* End XCConfigurationList section */
	};
	rootObject = 78A896452A15F7A500BC5B56 /* Project object */;
}
