// !$*UTF8*$!
{
	archiveVersion = 1;
	classes = {
	};
	objectVersion = 56;
	objects = {

/* Begin PBXBuildFile section */
		5DE0B2772A2E688400B6DA83 /* p_fdf.c in Sources */ = {isa = PBXBuildFile; fileRef = 5DE0B2752A2E688400B6DA83 /* p_fdf.c */; };
		7806B4672A57373400EE86BC /* parser.c in Sources */ = {isa = PBXBuildFile; fileRef = 7806B4662A57373400EE86BC /* parser.c */; };
		78314AE42A2724A300062C4B /* g_metadata.c in Sources */ = {isa = PBXBuildFile; fileRef = 78314AE32A2724A300062C4B /* g_metadata.c */; };
		7859EF622A2D0DDB0099A70E /* p_hud.c in Sources */ = {isa = PBXBuildFile; fileRef = 7859EF612A2D0DDB0099A70E /* p_hud.c */; };
		786630612A188F4800266A62 /* g_phys.c in Sources */ = {isa = PBXBuildFile; fileRef = 7866305F2A188F4800266A62 /* g_phys.c */; };
		786630652A18BFAC00266A62 /* g_ai.c in Sources */ = {isa = PBXBuildFile; fileRef = 786630642A18BFAC00266A62 /* g_ai.c */; };
		7893D1252A614222005365DA /* s_train.c in Sources */ = {isa = PBXBuildFile; fileRef = 7893D1242A614222005365DA /* s_train.c */; };
		78A000E82A3C8B5B00FE16C9 /* m_tree.c in Sources */ = {isa = PBXBuildFile; fileRef = 78A000E72A3C8B5B00FE16C9 /* m_tree.c */; };
		78A000EB2A3CEB0A00FE16C9 /* s_harvest_lumber.c in Sources */ = {isa = PBXBuildFile; fileRef = 78A000EA2A3CEB0A00FE16C9 /* s_harvest_lumber.c */; };
		78A000EF2A3E28AD00FE16C9 /* s_move.c in Sources */ = {isa = PBXBuildFile; fileRef = 78A000EE2A3E28AD00FE16C9 /* s_move.c */; };
		78A000F22A3F34E900FE16C9 /* g_metadata.h in Sources */ = {isa = PBXBuildFile; fileRef = 78A000F12A3F34E900FE16C9 /* g_metadata.h */; };
		78A000F62A3F6E9C00FE16C9 /* s_attack.c in Sources */ = {isa = PBXBuildFile; fileRef = 78A000F52A3F6E9C00FE16C9 /* s_attack.c */; };
		78A000F82A40217800FE16C9 /* s_build.c in Sources */ = {isa = PBXBuildFile; fileRef = 78A000F72A40217800FE16C9 /* s_build.c */; };
		78A8966F2A15F7D600BC5B56 /* g_local.h in Headers */ = {isa = PBXBuildFile; fileRef = 78A896682A15F7D600BC5B56 /* g_local.h */; };
		78A896702A15F7D600BC5B56 /* g_spawn.c in Sources */ = {isa = PBXBuildFile; fileRef = 78A896692A15F7D600BC5B56 /* g_spawn.c */; };
		78A896722A15F7D600BC5B56 /* g_main.c in Sources */ = {isa = PBXBuildFile; fileRef = 78A8966B2A15F7D600BC5B56 /* g_main.c */; };
		78A896752A15F7D600BC5B56 /* m_unit.c in Sources */ = {isa = PBXBuildFile; fileRef = 78A8966E2A15F7D600BC5B56 /* m_unit.c */; };
		78BBB9A72A435D8300B0FC57 /* g_pathing.c in Sources */ = {isa = PBXBuildFile; fileRef = 78BBB9A62A435D8300B0FC57 /* g_pathing.c */; };
		78BBB9AB2A44CC2000B0FC57 /* s_goldmine.c in Sources */ = {isa = PBXBuildFile; fileRef = 78BBB9AA2A44CC2000B0FC57 /* s_goldmine.c */; };
		78C453902A1E7F2E00C93B16 /* g_commands.c in Sources */ = {isa = PBXBuildFile; fileRef = 78C4538F2A1E7F2E00C93B16 /* g_commands.c */; };
		78C77C4F2A4C54540084A70B /* g_combat.c in Sources */ = {isa = PBXBuildFile; fileRef = 78C77C4E2A4C54540084A70B /* g_combat.c */; };
		78E91BFB2A169439003D9F3A /* g_monster.c in Sources */ = {isa = PBXBuildFile; fileRef = 78E91BFA2A169439003D9F3A /* g_monster.c */; };
		78E91BFE2A169771003D9F3A /* libcmath3.dylib in Frameworks */ = {isa = PBXBuildFile; fileRef = 78E91BFD2A169771003D9F3A /* libcmath3.dylib */; };
		78ED1A972A47714F00C42E21 /* s_cancel.c in Sources */ = {isa = PBXBuildFile; fileRef = 78ED1A962A47714F00C42E21 /* s_cancel.c */; };
		78FC6C362A25F66500C9F93D /* s_skills.c in Sources */ = {isa = PBXBuildFile; fileRef = 78FC6C352A25F66500C9F93D /* s_skills.c */; };
/* End PBXBuildFile section */

/* Begin PBXFileReference section */
		5DE0B2752A2E688400B6DA83 /* p_fdf.c */ = {isa = PBXFileReference; lastKnownFileType = sourcecode.c.c; path = p_fdf.c; sourceTree = "<group>"; };
		7806B4662A57373400EE86BC /* parser.c */ = {isa = PBXFileReference; lastKnownFileType = sourcecode.c.c; path = parser.c; sourceTree = "<group>"; };
		7806B4682A57375300EE86BC /* parser.h */ = {isa = PBXFileReference; lastKnownFileType = sourcecode.c.h; path = parser.h; sourceTree = "<group>"; };
		782D49972A29DEB6007793C7 /* g_shared.h */ = {isa = PBXFileReference; lastKnownFileType = sourcecode.c.h; path = g_shared.h; sourceTree = "<group>"; };
		78314AE32A2724A300062C4B /* g_metadata.c */ = {isa = PBXFileReference; lastKnownFileType = sourcecode.c.c; path = g_metadata.c; sourceTree = "<group>"; };
		7859EF612A2D0DDB0099A70E /* p_hud.c */ = {isa = PBXFileReference; lastKnownFileType = sourcecode.c.c; path = p_hud.c; sourceTree = "<group>"; };
		7866305F2A188F4800266A62 /* g_phys.c */ = {isa = PBXFileReference; lastKnownFileType = sourcecode.c.c; path = g_phys.c; sourceTree = "<group>"; };
		786630642A18BFAC00266A62 /* g_ai.c */ = {isa = PBXFileReference; lastKnownFileType = sourcecode.c.c; path = g_ai.c; sourceTree = "<group>"; };
		786637B62A1A5B6200266A62 /* warcraftdoc.txt */ = {isa = PBXFileReference; lastKnownFileType = text; path = warcraftdoc.txt; sourceTree = "<group>"; };
		7893D1242A614222005365DA /* s_train.c */ = {isa = PBXFileReference; lastKnownFileType = sourcecode.c.c; path = s_train.c; sourceTree = "<group>"; };
		78A000E72A3C8B5B00FE16C9 /* m_tree.c */ = {isa = PBXFileReference; lastKnownFileType = sourcecode.c.c; path = m_tree.c; sourceTree = "<group>"; };
		78A000E92A3CA9A000FE16C9 /* common.txt */ = {isa = PBXFileReference; lastKnownFileType = text; path = common.txt; sourceTree = "<group>"; };
		78A000EA2A3CEB0A00FE16C9 /* s_harvest_lumber.c */ = {isa = PBXFileReference; lastKnownFileType = sourcecode.c.c; path = s_harvest_lumber.c; sourceTree = "<group>"; };
		78A000EE2A3E28AD00FE16C9 /* s_move.c */ = {isa = PBXFileReference; lastKnownFileType = sourcecode.c.c; path = s_move.c; sourceTree = "<group>"; };
		78A000F02A3ED5A100FE16C9 /* g_unitdata.h */ = {isa = PBXFileReference; lastKnownFileType = sourcecode.c.h; path = g_unitdata.h; sourceTree = "<group>"; };
		78A000F12A3F34E900FE16C9 /* g_metadata.h */ = {isa = PBXFileReference; lastKnownFileType = sourcecode.c.h; path = g_metadata.h; sourceTree = "<group>"; };
		78A000F52A3F6E9C00FE16C9 /* s_attack.c */ = {isa = PBXFileReference; lastKnownFileType = sourcecode.c.c; path = s_attack.c; sourceTree = "<group>"; };
		78A000F72A40217800FE16C9 /* s_build.c */ = {isa = PBXFileReference; lastKnownFileType = sourcecode.c.c; path = s_build.c; sourceTree = "<group>"; };
		78A8964D2A15F7A500BC5B56 /* libgame.dylib */ = {isa = PBXFileReference; explicitFileType = "compiled.mach-o.dylib"; includeInIndex = 0; path = libgame.dylib; sourceTree = BUILT_PRODUCTS_DIR; };
		78A896682A15F7D600BC5B56 /* g_local.h */ = {isa = PBXFileReference; fileEncoding = 4; lastKnownFileType = sourcecode.c.h; path = g_local.h; sourceTree = "<group>"; };
		78A896692A15F7D600BC5B56 /* g_spawn.c */ = {isa = PBXFileReference; fileEncoding = 4; lastKnownFileType = sourcecode.c.c; path = g_spawn.c; sourceTree = "<group>"; };
		78A8966B2A15F7D600BC5B56 /* g_main.c */ = {isa = PBXFileReference; fileEncoding = 4; lastKnownFileType = sourcecode.c.c; path = g_main.c; sourceTree = "<group>"; };
		78A8966E2A15F7D600BC5B56 /* m_unit.c */ = {isa = PBXFileReference; fileEncoding = 4; lastKnownFileType = sourcecode.c.c; path = m_unit.c; sourceTree = "<group>"; };
		78BBB9A62A435D8300B0FC57 /* g_pathing.c */ = {isa = PBXFileReference; lastKnownFileType = sourcecode.c.c; path = g_pathing.c; sourceTree = "<group>"; };
		78BBB9AA2A44CC2000B0FC57 /* s_goldmine.c */ = {isa = PBXFileReference; lastKnownFileType = sourcecode.c.c; path = s_goldmine.c; sourceTree = "<group>"; };
		78C4538F2A1E7F2E00C93B16 /* g_commands.c */ = {isa = PBXFileReference; lastKnownFileType = sourcecode.c.c; path = g_commands.c; sourceTree = "<group>"; };
		78C77C4E2A4C54540084A70B /* g_combat.c */ = {isa = PBXFileReference; lastKnownFileType = sourcecode.c.c; path = g_combat.c; sourceTree = "<group>"; };
		78E91BFA2A169439003D9F3A /* g_monster.c */ = {isa = PBXFileReference; lastKnownFileType = sourcecode.c.c; path = g_monster.c; sourceTree = "<group>"; };
		78E91BFD2A169771003D9F3A /* libcmath3.dylib */ = {isa = PBXFileReference; explicitFileType = "compiled.mach-o.dylib"; path = libcmath3.dylib; sourceTree = BUILT_PRODUCTS_DIR; };
		78ED1A962A47714F00C42E21 /* s_cancel.c */ = {isa = PBXFileReference; lastKnownFileType = sourcecode.c.c; path = s_cancel.c; sourceTree = "<group>"; };
		78FC6C352A25F66500C9F93D /* s_skills.c */ = {isa = PBXFileReference; lastKnownFileType = sourcecode.c.c; path = s_skills.c; sourceTree = "<group>"; };
/* End PBXFileReference section */

/* Begin PBXFrameworksBuildPhase section */
		78A8964B2A15F7A500BC5B56 /* Frameworks */ = {
			isa = PBXFrameworksBuildPhase;
			buildActionMask = 2147483647;
			files = (
				78E91BFE2A169771003D9F3A /* libcmath3.dylib in Frameworks */,
			);
			runOnlyForDeploymentPostprocessing = 0;
		};
/* End PBXFrameworksBuildPhase section */

/* Begin PBXGroup section */
		78A000F42A3F648200FE16C9 /* skills */ = {
			isa = PBXGroup;
			children = (
				78A000F52A3F6E9C00FE16C9 /* s_attack.c */,
				78A000F72A40217800FE16C9 /* s_build.c */,
				78ED1A962A47714F00C42E21 /* s_cancel.c */,
				78BBB9AA2A44CC2000B0FC57 /* s_goldmine.c */,
				78A000EA2A3CEB0A00FE16C9 /* s_harvest_lumber.c */,
				78A000EE2A3E28AD00FE16C9 /* s_move.c */,
				78FC6C352A25F66500C9F93D /* s_skills.c */,
				7893D1242A614222005365DA /* s_train.c */,
			);
			path = skills;
			sourceTree = "<group>";
		};
		78A896442A15F7A500BC5B56 = {
			isa = PBXGroup;
			children = (
				78A000F42A3F648200FE16C9 /* skills */,
				786630642A18BFAC00266A62 /* g_ai.c */,
				78C77C4E2A4C54540084A70B /* g_combat.c */,
				78C4538F2A1E7F2E00C93B16 /* g_commands.c */,
				78A8966B2A15F7D600BC5B56 /* g_main.c */,
				78314AE32A2724A300062C4B /* g_metadata.c */,
				78E91BFA2A169439003D9F3A /* g_monster.c */,
				78BBB9A62A435D8300B0FC57 /* g_pathing.c */,
				7866305F2A188F4800266A62 /* g_phys.c */,
				78A896692A15F7D600BC5B56 /* g_spawn.c */,
				78A000E72A3C8B5B00FE16C9 /* m_tree.c */,
				78A8966E2A15F7D600BC5B56 /* m_unit.c */,
				5DE0B2752A2E688400B6DA83 /* p_fdf.c */,
				7859EF612A2D0DDB0099A70E /* p_hud.c */,
				7806B4662A57373400EE86BC /* parser.c */,
				78A896682A15F7D600BC5B56 /* g_local.h */,
				78A000F12A3F34E900FE16C9 /* g_metadata.h */,
				782D49972A29DEB6007793C7 /* g_shared.h */,
				78A000F02A3ED5A100FE16C9 /* g_unitdata.h */,
				7806B4682A57375300EE86BC /* parser.h */,
				78A000E92A3CA9A000FE16C9 /* common.txt */,
				786637B62A1A5B6200266A62 /* warcraftdoc.txt */,
				78E91BFC2A169771003D9F3A /* Frameworks */,
				78A8964E2A15F7A500BC5B56 /* Products */,
			);
			sourceTree = "<group>";
		};
		78A8964E2A15F7A500BC5B56 /* Products */ = {
			isa = PBXGroup;
			children = (
				78A8964D2A15F7A500BC5B56 /* libgame.dylib */,
			);
			name = Products;
			sourceTree = "<group>";
		};
		78E91BFC2A169771003D9F3A /* Frameworks */ = {
			isa = PBXGroup;
			children = (
				78E91BFD2A169771003D9F3A /* libcmath3.dylib */,
			);
			name = Frameworks;
			sourceTree = "<group>";
		};
/* End PBXGroup section */

/* Begin PBXHeadersBuildPhase section */
		78A896492A15F7A500BC5B56 /* Headers */ = {
			isa = PBXHeadersBuildPhase;
			buildActionMask = 2147483647;
			files = (
				78A8966F2A15F7D600BC5B56 /* g_local.h in Headers */,
			);
			runOnlyForDeploymentPostprocessing = 0;
		};
/* End PBXHeadersBuildPhase section */

/* Begin PBXNativeTarget section */
		78A8964C2A15F7A500BC5B56 /* game */ = {
			isa = PBXNativeTarget;
			buildConfigurationList = 78A896512A15F7A500BC5B56 /* Build configuration list for PBXNativeTarget "game" */;
			buildPhases = (
				78A896492A15F7A500BC5B56 /* Headers */,
				78A8964A2A15F7A500BC5B56 /* Sources */,
				78A8964B2A15F7A500BC5B56 /* Frameworks */,
			);
			buildRules = (
			);
			dependencies = (
			);
			name = game;
			productName = game;
			productReference = 78A8964D2A15F7A500BC5B56 /* libgame.dylib */;
			productType = "com.apple.product-type.library.dynamic";
		};
/* End PBXNativeTarget section */

/* Begin PBXProject section */
		78A896452A15F7A500BC5B56 /* Project object */ = {
			isa = PBXProject;
			attributes = {
				BuildIndependentTargetsInParallel = 1;
				LastUpgradeCheck = 1430;
				TargetAttributes = {
					78A8964C2A15F7A500BC5B56 = {
						CreatedOnToolsVersion = 14.2;
					};
				};
			};
			buildConfigurationList = 78A896482A15F7A500BC5B56 /* Build configuration list for PBXProject "game" */;
			compatibilityVersion = "Xcode 14.0";
			developmentRegion = en;
			hasScannedForEncodings = 0;
			knownRegions = (
				en,
				Base,
			);
			mainGroup = 78A896442A15F7A500BC5B56;
			productRefGroup = 78A8964E2A15F7A500BC5B56 /* Products */;
			projectDirPath = "";
			projectRoot = "";
			targets = (
				78A8964C2A15F7A500BC5B56 /* game */,
			);
		};
/* End PBXProject section */

/* Begin PBXSourcesBuildPhase section */
		78A8964A2A15F7A500BC5B56 /* Sources */ = {
			isa = PBXSourcesBuildPhase;
			buildActionMask = 2147483647;
			files = (
				78A000F22A3F34E900FE16C9 /* g_metadata.h in Sources */,
				78A896722A15F7D600BC5B56 /* g_main.c in Sources */,
				7806B4672A57373400EE86BC /* parser.c in Sources */,
				786630612A188F4800266A62 /* g_phys.c in Sources */,
				78C77C4F2A4C54540084A70B /* g_combat.c in Sources */,
				78ED1A972A47714F00C42E21 /* s_cancel.c in Sources */,
				78FC6C362A25F66500C9F93D /* s_skills.c in Sources */,
				7859EF622A2D0DDB0099A70E /* p_hud.c in Sources */,
				78A000EF2A3E28AD00FE16C9 /* s_move.c in Sources */,
				78314AE42A2724A300062C4B /* g_metadata.c in Sources */,
				786630652A18BFAC00266A62 /* g_ai.c in Sources */,
				78A896752A15F7D600BC5B56 /* m_unit.c in Sources */,
				5DE0B2772A2E688400B6DA83 /* p_fdf.c in Sources */,
				7893D1252A614222005365DA /* s_train.c in Sources */,
				78BBB9AB2A44CC2000B0FC57 /* s_goldmine.c in Sources */,
				78A000F82A40217800FE16C9 /* s_build.c in Sources */,
				78A000EB2A3CEB0A00FE16C9 /* s_harvest_lumber.c in Sources */,
				78E91BFB2A169439003D9F3A /* g_monster.c in Sources */,
				78A000F62A3F6E9C00FE16C9 /* s_attack.c in Sources */,
				78A000E82A3C8B5B00FE16C9 /* m_tree.c in Sources */,
				78BBB9A72A435D8300B0FC57 /* g_pathing.c in Sources */,
				78A896702A15F7D600BC5B56 /* g_spawn.c in Sources */,
				78C453902A1E7F2E00C93B16 /* g_commands.c in Sources */,
			);
			runOnlyForDeploymentPostprocessing = 0;
		};
/* End PBXSourcesBuildPhase section */

/* Begin XCBuildConfiguration section */
		78A8964F2A15F7A500BC5B56 /* Debug */ = {
			isa = XCBuildConfiguration;
			buildSettings = {
				ALWAYS_SEARCH_USER_PATHS = NO;
				CLANG_ANALYZER_NONNULL = YES;
				CLANG_ANALYZER_NUMBER_OBJECT_CONVERSION = YES_AGGRESSIVE;
				CLANG_CXX_LANGUAGE_STANDARD = "gnu++20";
				CLANG_ENABLE_MODULES = YES;
				CLANG_ENABLE_OBJC_ARC = YES;
				CLANG_ENABLE_OBJC_WEAK = YES;
				CLANG_WARN_BLOCK_CAPTURE_AUTORELEASING = YES;
				CLANG_WARN_BOOL_CONVERSION = YES;
				CLANG_WARN_COMMA = YES;
				CLANG_WARN_CONSTANT_CONVERSION = YES;
				CLANG_WARN_DEPRECATED_OBJC_IMPLEMENTATIONS = YES;
				CLANG_WARN_DIRECT_OBJC_ISA_USAGE = YES_ERROR;
				CLANG_WARN_DOCUMENTATION_COMMENTS = YES;
				CLANG_WARN_EMPTY_BODY = YES;
				CLANG_WARN_ENUM_CONVERSION = YES;
				CLANG_WARN_INFINITE_RECURSION = YES;
				CLANG_WARN_INT_CONVERSION = YES;
				CLANG_WARN_NON_LITERAL_NULL_CONVERSION = YES;
				CLANG_WARN_OBJC_IMPLICIT_RETAIN_SELF = YES;
				CLANG_WARN_OBJC_LITERAL_CONVERSION = YES;
				CLANG_WARN_OBJC_ROOT_CLASS = YES_ERROR;
				CLANG_WARN_QUOTED_INCLUDE_IN_FRAMEWORK_HEADER = YES;
				CLANG_WARN_RANGE_LOOP_ANALYSIS = YES;
				CLANG_WARN_STRICT_PROTOTYPES = YES;
				CLANG_WARN_SUSPICIOUS_MOVE = YES;
				CLANG_WARN_UNGUARDED_AVAILABILITY = YES_AGGRESSIVE;
				CLANG_WARN_UNREACHABLE_CODE = YES;
				CLANG_WARN__DUPLICATE_METHOD_MATCH = YES;
				COPY_PHASE_STRIP = NO;
				DEAD_CODE_STRIPPING = YES;
				DEBUG_INFORMATION_FORMAT = dwarf;
				ENABLE_STRICT_OBJC_MSGSEND = YES;
				ENABLE_TESTABILITY = YES;
				GCC_C_LANGUAGE_STANDARD = gnu11;
				GCC_DYNAMIC_NO_PIC = NO;
				GCC_NO_COMMON_BLOCKS = YES;
				GCC_OPTIMIZATION_LEVEL = 0;
				GCC_PREPROCESSOR_DEFINITIONS = (
					"DEBUG=1",
					"$(inherited)",
				);
				GCC_WARN_64_TO_32_BIT_CONVERSION = YES;
				GCC_WARN_ABOUT_RETURN_TYPE = YES_ERROR;
				GCC_WARN_UNDECLARED_SELECTOR = YES;
				GCC_WARN_UNINITIALIZED_AUTOS = YES_AGGRESSIVE;
				GCC_WARN_UNUSED_FUNCTION = YES;
				GCC_WARN_UNUSED_VARIABLE = YES;
				MACOSX_DEPLOYMENT_TARGET = 13.0;
				MTL_ENABLE_DEBUG_INFO = INCLUDE_SOURCE;
				MTL_FAST_MATH = YES;
				ONLY_ACTIVE_ARCH = YES;
				SDKROOT = macosx;
			};
			name = Debug;
		};
		78A896502A15F7A500BC5B56 /* Release */ = {
			isa = XCBuildConfiguration;
			buildSettings = {
				ALWAYS_SEARCH_USER_PATHS = NO;
				CLANG_ANALYZER_NONNULL = YES;
				CLANG_ANALYZER_NUMBER_OBJECT_CONVERSION = YES_AGGRESSIVE;
				CLANG_CXX_LANGUAGE_STANDARD = "gnu++20";
				CLANG_ENABLE_MODULES = YES;
				CLANG_ENABLE_OBJC_ARC = YES;
				CLANG_ENABLE_OBJC_WEAK = YES;
				CLANG_WARN_BLOCK_CAPTURE_AUTORELEASING = YES;
				CLANG_WARN_BOOL_CONVERSION = YES;
				CLANG_WARN_COMMA = YES;
				CLANG_WARN_CONSTANT_CONVERSION = YES;
				CLANG_WARN_DEPRECATED_OBJC_IMPLEMENTATIONS = YES;
				CLANG_WARN_DIRECT_OBJC_ISA_USAGE = YES_ERROR;
				CLANG_WARN_DOCUMENTATION_COMMENTS = YES;
				CLANG_WARN_EMPTY_BODY = YES;
				CLANG_WARN_ENUM_CONVERSION = YES;
				CLANG_WARN_INFINITE_RECURSION = YES;
				CLANG_WARN_INT_CONVERSION = YES;
				CLANG_WARN_NON_LITERAL_NULL_CONVERSION = YES;
				CLANG_WARN_OBJC_IMPLICIT_RETAIN_SELF = YES;
				CLANG_WARN_OBJC_LITERAL_CONVERSION = YES;
				CLANG_WARN_OBJC_ROOT_CLASS = YES_ERROR;
				CLANG_WARN_QUOTED_INCLUDE_IN_FRAMEWORK_HEADER = YES;
				CLANG_WARN_RANGE_LOOP_ANALYSIS = YES;
				CLANG_WARN_STRICT_PROTOTYPES = YES;
				CLANG_WARN_SUSPICIOUS_MOVE = YES;
				CLANG_WARN_UNGUARDED_AVAILABILITY = YES_AGGRESSIVE;
				CLANG_WARN_UNREACHABLE_CODE = YES;
				CLANG_WARN__DUPLICATE_METHOD_MATCH = YES;
				COPY_PHASE_STRIP = NO;
				DEAD_CODE_STRIPPING = YES;
				DEBUG_INFORMATION_FORMAT = "dwarf-with-dsym";
				ENABLE_NS_ASSERTIONS = NO;
				ENABLE_STRICT_OBJC_MSGSEND = YES;
				GCC_C_LANGUAGE_STANDARD = gnu11;
				GCC_NO_COMMON_BLOCKS = YES;
				GCC_WARN_64_TO_32_BIT_CONVERSION = YES;
				GCC_WARN_ABOUT_RETURN_TYPE = YES_ERROR;
				GCC_WARN_UNDECLARED_SELECTOR = YES;
				GCC_WARN_UNINITIALIZED_AUTOS = YES_AGGRESSIVE;
				GCC_WARN_UNUSED_FUNCTION = YES;
				GCC_WARN_UNUSED_VARIABLE = YES;
				MACOSX_DEPLOYMENT_TARGET = 13.0;
				MTL_ENABLE_DEBUG_INFO = NO;
				MTL_FAST_MATH = YES;
				SDKROOT = macosx;
			};
			name = Release;
		};
		78A896522A15F7A500BC5B56 /* Debug */ = {
			isa = XCBuildConfiguration;
			buildSettings = {
				CODE_SIGN_STYLE = Automatic;
				DEAD_CODE_STRIPPING = YES;
				DEVELOPMENT_TEAM = BM2R8F5YHC;
				DYLIB_COMPATIBILITY_VERSION = 1;
				DYLIB_CURRENT_VERSION = 1;
				EXECUTABLE_PREFIX = lib;
				HEADER_SEARCH_PATHS = /opt/homebrew/include;
				LIBRARY_SEARCH_PATHS = /opt/homebrew/lib;
				OTHER_LDFLAGS = "-lstorm";
				PRODUCT_NAME = "$(TARGET_NAME)";
				SKIP_INSTALL = YES;
			};
			name = Debug;
		};
		78A896532A15F7A500BC5B56 /* Release */ = {
			isa = XCBuildConfiguration;
			buildSettings = {
				CODE_SIGN_STYLE = Automatic;
				DEAD_CODE_STRIPPING = YES;
				DEVELOPMENT_TEAM = BM2R8F5YHC;
				DYLIB_COMPATIBILITY_VERSION = 1;
				DYLIB_CURRENT_VERSION = 1;
				EXECUTABLE_PREFIX = lib;
				HEADER_SEARCH_PATHS = /opt/homebrew/include;
				LIBRARY_SEARCH_PATHS = /opt/homebrew/lib;
				OTHER_LDFLAGS = "-lstorm";
				PRODUCT_NAME = "$(TARGET_NAME)";
				SKIP_INSTALL = YES;
			};
			name = Release;
		};
/* End XCBuildConfiguration section */

/* Begin XCConfigurationList section */
		78A896482A15F7A500BC5B56 /* Build configuration list for PBXProject "game" */ = {
			isa = XCConfigurationList;
			buildConfigurations = (
				78A8964F2A15F7A500BC5B56 /* Debug */,
				78A896502A15F7A500BC5B56 /* Release */,
			);
			defaultConfigurationIsVisible = 0;
			defaultConfigurationName = Release;
		};
		78A896512A15F7A500BC5B56 /* Build configuration list for PBXNativeTarget "game" */ = {
			isa = XCConfigurationList;
			buildConfigurations = (
				78A896522A15F7A500BC5B56 /* Debug */,
				78A896532A15F7A500BC5B56 /* Release */,
			);
			defaultConfigurationIsVisible = 0;
			defaultConfigurationName = Release;
		};
/* End XCConfigurationList section */
	};
	rootObject = 78A896452A15F7A500BC5B56 /* Project object */;
}
