// !$*UTF8*$!
{
	archiveVersion = 1;
	classes = {
	};
	objectVersion = 56;
	objects = {

/* Begin PBXBuildFile section */
		5D2301012A3848CE00F649AE /* stb_truetype.c in Sources */ = {isa = PBXBuildFile; fileRef = 5D2300FF2A3848CE00F649AE /* stb_truetype.c */; };
		5D2301022A3848CE00F649AE /* stb_truetype.h in Headers */ = {isa = PBXBuildFile; fileRef = 5D2301002A3848CE00F649AE /* stb_truetype.h */; };
		5D2301042A386B0000F649AE /* r_font.c in Sources */ = {isa = PBXBuildFile; fileRef = 5D2301032A386B0000F649AE /* r_font.c */; };
		7810F3F52A20A1B0003AADBC /* r_buffer.c in Sources */ = {isa = PBXBuildFile; fileRef = 7810F3F42A20A1B0003AADBC /* r_buffer.c */; };
		7810F3F72A20A220003AADBC /* r_draw.c in Sources */ = {isa = PBXBuildFile; fileRef = 7810F3F62A20A220003AADBC /* r_draw.c */; };
		786637BA2A1B5A2B00266A62 /* r_sysfont.c in Sources */ = {isa = PBXBuildFile; fileRef = 786637B92A1B5A2B00266A62 /* r_sysfont.c */; };
		78A8969E2A15F84800BC5B56 /* r_shader.c in Sources */ = {isa = PBXBuildFile; fileRef = 78A8968F2A15F84800BC5B56 /* r_shader.c */; };
		78A8969F2A15F84800BC5B56 /* r_mdx.h in Headers */ = {isa = PBXBuildFile; fileRef = 78A896902A15F84800BC5B56 /* r_mdx.h */; };
		78A896A02A15F84800BC5B56 /* r_war3map.c in Sources */ = {isa = PBXBuildFile; fileRef = 78A896912A15F84800BC5B56 /* r_war3map.c */; };
		78A896A12A15F84800BC5B56 /* r_war3map_water.c in Sources */ = {isa = PBXBuildFile; fileRef = 78A896922A15F84800BC5B56 /* r_war3map_water.c */; };
		78A896A22A15F84800BC5B56 /* r_war3map_cliffs.c in Sources */ = {isa = PBXBuildFile; fileRef = 78A896932A15F84800BC5B56 /* r_war3map_cliffs.c */; };
		78A896A32A15F84800BC5B56 /* r_mdx_render.c in Sources */ = {isa = PBXBuildFile; fileRef = 78A896942A15F84800BC5B56 /* r_mdx_render.c */; };
		78A896A42A15F84800BC5B56 /* r_mdx_interpolation.c in Sources */ = {isa = PBXBuildFile; fileRef = 78A896952A15F84800BC5B56 /* r_mdx_interpolation.c */; };
		78A896A52A15F84800BC5B56 /* r_war3map.h in Headers */ = {isa = PBXBuildFile; fileRef = 78A896962A15F84800BC5B56 /* r_war3map.h */; };
		78A896A62A15F84800BC5B56 /* r_texture.c in Sources */ = {isa = PBXBuildFile; fileRef = 78A896972A15F84800BC5B56 /* r_texture.c */; };
		78A896A72A15F84800BC5B56 /* r_war3map_ground.c in Sources */ = {isa = PBXBuildFile; fileRef = 78A896982A15F84800BC5B56 /* r_war3map_ground.c */; };
		78A896A82A15F84800BC5B56 /* r_main.c in Sources */ = {isa = PBXBuildFile; fileRef = 78A896992A15F84800BC5B56 /* r_main.c */; };
		78A896A92A15F84800BC5B56 /* r_mdx_load.c in Sources */ = {isa = PBXBuildFile; fileRef = 78A8969A2A15F84800BC5B56 /* r_mdx_load.c */; };
		78A896AA2A15F84800BC5B56 /* r_local.h in Headers */ = {isa = PBXBuildFile; fileRef = 78A8969B2A15F84800BC5B56 /* r_local.h */; };
		78A896AB2A15F84800BC5B56 /* r_ents.c in Sources */ = {isa = PBXBuildFile; fileRef = 78A8969C2A15F84800BC5B56 /* r_ents.c */; };
		78A896AC2A15F84800BC5B56 /* r_blp.c in Sources */ = {isa = PBXBuildFile; fileRef = 78A8969D2A15F84800BC5B56 /* r_blp.c */; };
		78A896B12A15FA0900BC5B56 /* r_war3map_utils.c in Sources */ = {isa = PBXBuildFile; fileRef = 78A896B02A15FA0900BC5B56 /* r_war3map_utils.c */; };
		78A896EA2A16054B00BC5B56 /* libcmath3.dylib in Frameworks */ = {isa = PBXBuildFile; fileRef = 78A896E92A16054B00BC5B56 /* libcmath3.dylib */; };
/* End PBXBuildFile section */

/* Begin PBXFileReference section */
		5D2300FF2A3848CE00F649AE /* stb_truetype.c */ = {isa = PBXFileReference; fileEncoding = 4; lastKnownFileType = sourcecode.c.c; path = stb_truetype.c; sourceTree = "<group>"; };
		5D2301002A3848CE00F649AE /* stb_truetype.h */ = {isa = PBXFileReference; fileEncoding = 4; lastKnownFileType = sourcecode.c.h; path = stb_truetype.h; sourceTree = "<group>"; };
		5D2301032A386B0000F649AE /* r_font.c */ = {isa = PBXFileReference; lastKnownFileType = sourcecode.c.c; path = r_font.c; sourceTree = "<group>"; };
		7810F3F42A20A1B0003AADBC /* r_buffer.c */ = {isa = PBXFileReference; lastKnownFileType = sourcecode.c.c; path = r_buffer.c; sourceTree = "<group>"; };
		7810F3F62A20A220003AADBC /* r_draw.c */ = {isa = PBXFileReference; lastKnownFileType = sourcecode.c.c; path = r_draw.c; sourceTree = "<group>"; };
		7810F4292A233547003AADBC /* libmdx.dylib */ = {isa = PBXFileReference; explicitFileType = "compiled.mach-o.dylib"; path = libmdx.dylib; sourceTree = BUILT_PRODUCTS_DIR; };
		786637B92A1B5A2B00266A62 /* r_sysfont.c */ = {isa = PBXFileReference; lastKnownFileType = sourcecode.c.c; path = r_sysfont.c; sourceTree = "<group>"; };
		78A896822A15F82600BC5B56 /* librenderer.dylib */ = {isa = PBXFileReference; explicitFileType = "compiled.mach-o.dylib"; includeInIndex = 0; path = librenderer.dylib; sourceTree = BUILT_PRODUCTS_DIR; };
		78A8968F2A15F84800BC5B56 /* r_shader.c */ = {isa = PBXFileReference; fileEncoding = 4; lastKnownFileType = sourcecode.c.c; path = r_shader.c; sourceTree = "<group>"; };
		78A896902A15F84800BC5B56 /* r_mdx.h */ = {isa = PBXFileReference; fileEncoding = 4; lastKnownFileType = sourcecode.c.h; path = r_mdx.h; sourceTree = "<group>"; };
		78A896912A15F84800BC5B56 /* r_war3map.c */ = {isa = PBXFileReference; fileEncoding = 4; lastKnownFileType = sourcecode.c.c; path = r_war3map.c; sourceTree = "<group>"; };
		78A896922A15F84800BC5B56 /* r_war3map_water.c */ = {isa = PBXFileReference; fileEncoding = 4; lastKnownFileType = sourcecode.c.c; path = r_war3map_water.c; sourceTree = "<group>"; };
		78A896932A15F84800BC5B56 /* r_war3map_cliffs.c */ = {isa = PBXFileReference; fileEncoding = 4; lastKnownFileType = sourcecode.c.c; path = r_war3map_cliffs.c; sourceTree = "<group>"; };
		78A896942A15F84800BC5B56 /* r_mdx_render.c */ = {isa = PBXFileReference; fileEncoding = 4; lastKnownFileType = sourcecode.c.c; path = r_mdx_render.c; sourceTree = "<group>"; };
		78A896952A15F84800BC5B56 /* r_mdx_interpolation.c */ = {isa = PBXFileReference; fileEncoding = 4; lastKnownFileType = sourcecode.c.c; path = r_mdx_interpolation.c; sourceTree = "<group>"; };
		78A896962A15F84800BC5B56 /* r_war3map.h */ = {isa = PBXFileReference; fileEncoding = 4; lastKnownFileType = sourcecode.c.h; path = r_war3map.h; sourceTree = "<group>"; };
		78A896972A15F84800BC5B56 /* r_texture.c */ = {isa = PBXFileReference; fileEncoding = 4; lastKnownFileType = sourcecode.c.c; path = r_texture.c; sourceTree = "<group>"; };
		78A896982A15F84800BC5B56 /* r_war3map_ground.c */ = {isa = PBXFileReference; fileEncoding = 4; lastKnownFileType = sourcecode.c.c; path = r_war3map_ground.c; sourceTree = "<group>"; };
		78A896992A15F84800BC5B56 /* r_main.c */ = {isa = PBXFileReference; fileEncoding = 4; lastKnownFileType = sourcecode.c.c; path = r_main.c; sourceTree = "<group>"; };
		78A8969A2A15F84800BC5B56 /* r_mdx_load.c */ = {isa = PBXFileReference; fileEncoding = 4; lastKnownFileType = sourcecode.c.c; path = r_mdx_load.c; sourceTree = "<group>"; };
		78A8969B2A15F84800BC5B56 /* r_local.h */ = {isa = PBXFileReference; fileEncoding = 4; lastKnownFileType = sourcecode.c.h; path = r_local.h; sourceTree = "<group>"; };
		78A8969C2A15F84800BC5B56 /* r_ents.c */ = {isa = PBXFileReference; fileEncoding = 4; lastKnownFileType = sourcecode.c.c; path = r_ents.c; sourceTree = "<group>"; };
		78A8969D2A15F84800BC5B56 /* r_blp.c */ = {isa = PBXFileReference; fileEncoding = 4; lastKnownFileType = sourcecode.c.c; path = r_blp.c; sourceTree = "<group>"; };
		78A896B02A15FA0900BC5B56 /* r_war3map_utils.c */ = {isa = PBXFileReference; lastKnownFileType = sourcecode.c.c; path = r_war3map_utils.c; sourceTree = "<group>"; };
		78A896E92A16054B00BC5B56 /* libcmath3.dylib */ = {isa = PBXFileReference; explicitFileType = "compiled.mach-o.dylib"; path = libcmath3.dylib; sourceTree = BUILT_PRODUCTS_DIR; };
/* End PBXFileReference section */

/* Begin PBXFrameworksBuildPhase section */
		78A896802A15F82600BC5B56 /* Frameworks */ = {
			isa = PBXFrameworksBuildPhase;
			buildActionMask = 2147483647;
			files = (
				78A896EA2A16054B00BC5B56 /* libcmath3.dylib in Frameworks */,
			);
			runOnlyForDeploymentPostprocessing = 0;
		};
/* End PBXFrameworksBuildPhase section */

/* Begin PBXGroup section */
		5D2300FE2A3848CE00F649AE /* stb */ = {
			isa = PBXGroup;
			children = (
				5D2300FF2A3848CE00F649AE /* stb_truetype.c */,
				5D2301002A3848CE00F649AE /* stb_truetype.h */,
			);
			path = stb;
			sourceTree = "<group>";
		};
		7810F3F22A20A12A003AADBC /* mdx */ = {
			isa = PBXGroup;
			children = (
				78A896952A15F84800BC5B56 /* r_mdx_interpolation.c */,
				78A8969A2A15F84800BC5B56 /* r_mdx_load.c */,
				78A896942A15F84800BC5B56 /* r_mdx_render.c */,
				78A896902A15F84800BC5B56 /* r_mdx.h */,
			);
			path = mdx;
			sourceTree = "<group>";
		};
		7810F3F32A20A133003AADBC /* w3m */ = {
			isa = PBXGroup;
			children = (
				78A896932A15F84800BC5B56 /* r_war3map_cliffs.c */,
				78A896982A15F84800BC5B56 /* r_war3map_ground.c */,
				78A896B02A15FA0900BC5B56 /* r_war3map_utils.c */,
				78A896922A15F84800BC5B56 /* r_war3map_water.c */,
				78A896912A15F84800BC5B56 /* r_war3map.c */,
				78A896962A15F84800BC5B56 /* r_war3map.h */,
			);
			path = w3m;
			sourceTree = "<group>";
		};
		78A896792A15F82600BC5B56 = {
			isa = PBXGroup;
			children = (
				78A8969D2A15F84800BC5B56 /* r_blp.c */,
				7810F3F42A20A1B0003AADBC /* r_buffer.c */,
				7810F3F62A20A220003AADBC /* r_draw.c */,
				78A8969C2A15F84800BC5B56 /* r_ents.c */,
				5D2301032A386B0000F649AE /* r_font.c */,
				78A896992A15F84800BC5B56 /* r_main.c */,
				78A8968F2A15F84800BC5B56 /* r_shader.c */,
				786637B92A1B5A2B00266A62 /* r_sysfont.c */,
				78A896972A15F84800BC5B56 /* r_texture.c */,
				78A8969B2A15F84800BC5B56 /* r_local.h */,
				78A896E82A16054B00BC5B56 /* Frameworks */,
				7810F3F22A20A12A003AADBC /* mdx */,
				78A896832A15F82600BC5B56 /* Products */,
				5D2300FE2A3848CE00F649AE /* stb */,
				7810F3F32A20A133003AADBC /* w3m */,
			);
			sourceTree = "<group>";
		};
		78A896832A15F82600BC5B56 /* Products */ = {
			isa = PBXGroup;
			children = (
				78A896822A15F82600BC5B56 /* librenderer.dylib */,
			);
			name = Products;
			sourceTree = "<group>";
		};
		78A896E82A16054B00BC5B56 /* Frameworks */ = {
			isa = PBXGroup;
			children = (
				7810F4292A233547003AADBC /* libmdx.dylib */,
				78A896E92A16054B00BC5B56 /* libcmath3.dylib */,
			);
			name = Frameworks;
			sourceTree = "<group>";
		};
/* End PBXGroup section */

/* Begin PBXHeadersBuildPhase section */
		78A8967E2A15F82600BC5B56 /* Headers */ = {
			isa = PBXHeadersBuildPhase;
			buildActionMask = 2147483647;
			files = (
				78A8969F2A15F84800BC5B56 /* r_mdx.h in Headers */,
				78A896AA2A15F84800BC5B56 /* r_local.h in Headers */,
				5D2301022A3848CE00F649AE /* stb_truetype.h in Headers */,
				78A896A52A15F84800BC5B56 /* r_war3map.h in Headers */,
			);
			runOnlyForDeploymentPostprocessing = 0;
		};
/* End PBXHeadersBuildPhase section */

/* Begin PBXNativeTarget section */
		78A896812A15F82600BC5B56 /* renderer */ = {
			isa = PBXNativeTarget;
			buildConfigurationList = 78A896862A15F82600BC5B56 /* Build configuration list for PBXNativeTarget "renderer" */;
			buildPhases = (
				78A8967E2A15F82600BC5B56 /* Headers */,
				78A8967F2A15F82600BC5B56 /* Sources */,
				78A896802A15F82600BC5B56 /* Frameworks */,
			);
			buildRules = (
			);
			dependencies = (
			);
			name = renderer;
			productName = renderer;
			productReference = 78A896822A15F82600BC5B56 /* librenderer.dylib */;
			productType = "com.apple.product-type.library.dynamic";
		};
/* End PBXNativeTarget section */

/* Begin PBXProject section */
		78A8967A2A15F82600BC5B56 /* Project object */ = {
			isa = PBXProject;
			attributes = {
				BuildIndependentTargetsInParallel = 1;
				LastUpgradeCheck = 1420;
				TargetAttributes = {
					78A896812A15F82600BC5B56 = {
						CreatedOnToolsVersion = 14.2;
					};
				};
			};
			buildConfigurationList = 78A8967D2A15F82600BC5B56 /* Build configuration list for PBXProject "renderer" */;
			compatibilityVersion = "Xcode 14.0";
			developmentRegion = en;
			hasScannedForEncodings = 0;
			knownRegions = (
				en,
				Base,
			);
			mainGroup = 78A896792A15F82600BC5B56;
			productRefGroup = 78A896832A15F82600BC5B56 /* Products */;
			projectDirPath = "";
			projectRoot = "";
			targets = (
				78A896812A15F82600BC5B56 /* renderer */,
			);
		};
/* End PBXProject section */

/* Begin PBXSourcesBuildPhase section */
		78A8967F2A15F82600BC5B56 /* Sources */ = {
			isa = PBXSourcesBuildPhase;
			buildActionMask = 2147483647;
			files = (
				78A896A02A15F84800BC5B56 /* r_war3map.c in Sources */,
				78A896A42A15F84800BC5B56 /* r_mdx_interpolation.c in Sources */,
				5D2301042A386B0000F649AE /* r_font.c in Sources */,
				78A896B12A15FA0900BC5B56 /* r_war3map_utils.c in Sources */,
				7810F3F72A20A220003AADBC /* r_draw.c in Sources */,
				7810F3F52A20A1B0003AADBC /* r_buffer.c in Sources */,
				78A896A22A15F84800BC5B56 /* r_war3map_cliffs.c in Sources */,
				78A896AC2A15F84800BC5B56 /* r_blp.c in Sources */,
				78A896A32A15F84800BC5B56 /* r_mdx_render.c in Sources */,
				78A896A12A15F84800BC5B56 /* r_war3map_water.c in Sources */,
				78A896A72A15F84800BC5B56 /* r_war3map_ground.c in Sources */,
				78A896A82A15F84800BC5B56 /* r_main.c in Sources */,
				78A896A62A15F84800BC5B56 /* r_texture.c in Sources */,
				78A896A92A15F84800BC5B56 /* r_mdx_load.c in Sources */,
				786637BA2A1B5A2B00266A62 /* r_sysfont.c in Sources */,
				78A896AB2A15F84800BC5B56 /* r_ents.c in Sources */,
				78A8969E2A15F84800BC5B56 /* r_shader.c in Sources */,
				5D2301012A3848CE00F649AE /* stb_truetype.c in Sources */,
			);
			runOnlyForDeploymentPostprocessing = 0;
		};
/* End PBXSourcesBuildPhase section */

/* Begin XCBuildConfiguration section */
		78A896842A15F82600BC5B56 /* Debug */ = {
			isa = XCBuildConfiguration;
			buildSettings = {
				ALWAYS_SEARCH_USER_PATHS = NO;
				CLANG_ANALYZER_NONNULL = YES;
				CLANG_ANALYZER_NUMBER_OBJECT_CONVERSION = YES_AGGRESSIVE;
				CLANG_CXX_LANGUAGE_STANDARD = "gnu++20";
				CLANG_ENABLE_MODULES = YES;
				CLANG_ENABLE_OBJC_ARC = YES;
				CLANG_ENABLE_OBJC_WEAK = YES;
				CLANG_WARN_BLOCK_CAPTURE_AUTORELEASING = YES;
				CLANG_WARN_BOOL_CONVERSION = YES;
				CLANG_WARN_COMMA = YES;
				CLANG_WARN_CONSTANT_CONVERSION = YES;
				CLANG_WARN_DEPRECATED_OBJC_IMPLEMENTATIONS = YES;
				CLANG_WARN_DIRECT_OBJC_ISA_USAGE = YES_ERROR;
				CLANG_WARN_DOCUMENTATION_COMMENTS = YES;
				CLANG_WARN_EMPTY_BODY = YES;
				CLANG_WARN_ENUM_CONVERSION = YES;
				CLANG_WARN_INFINITE_RECURSION = YES;
				CLANG_WARN_INT_CONVERSION = YES;
				CLANG_WARN_NON_LITERAL_NULL_CONVERSION = YES;
				CLANG_WARN_OBJC_IMPLICIT_RETAIN_SELF = YES;
				CLANG_WARN_OBJC_LITERAL_CONVERSION = YES;
				CLANG_WARN_OBJC_ROOT_CLASS = YES_ERROR;
				CLANG_WARN_QUOTED_INCLUDE_IN_FRAMEWORK_HEADER = YES;
				CLANG_WARN_RANGE_LOOP_ANALYSIS = YES;
				CLANG_WARN_STRICT_PROTOTYPES = YES;
				CLANG_WARN_SUSPICIOUS_MOVE = YES;
				CLANG_WARN_UNGUARDED_AVAILABILITY = YES_AGGRESSIVE;
				CLANG_WARN_UNREACHABLE_CODE = YES;
				CLANG_WARN__DUPLICATE_METHOD_MATCH = YES;
				COPY_PHASE_STRIP = NO;
				DEBUG_INFORMATION_FORMAT = dwarf;
				ENABLE_STRICT_OBJC_MSGSEND = YES;
				ENABLE_TESTABILITY = YES;
				GCC_C_LANGUAGE_STANDARD = gnu11;
				GCC_DYNAMIC_NO_PIC = NO;
				GCC_NO_COMMON_BLOCKS = YES;
				GCC_OPTIMIZATION_LEVEL = 0;
				GCC_PREPROCESSOR_DEFINITIONS = (
					"DEBUG=1",
					"$(inherited)",
				);
				GCC_WARN_64_TO_32_BIT_CONVERSION = YES;
				GCC_WARN_ABOUT_RETURN_TYPE = YES_ERROR;
				GCC_WARN_UNDECLARED_SELECTOR = YES;
				GCC_WARN_UNINITIALIZED_AUTOS = YES_AGGRESSIVE;
				GCC_WARN_UNUSED_FUNCTION = YES;
				GCC_WARN_UNUSED_VARIABLE = YES;
				MACOSX_DEPLOYMENT_TARGET = 13.0;
				MTL_ENABLE_DEBUG_INFO = INCLUDE_SOURCE;
				MTL_FAST_MATH = YES;
				ONLY_ACTIVE_ARCH = YES;
				SDKROOT = macosx;
			};
			name = Debug;
		};
		78A896852A15F82600BC5B56 /* Release */ = {
			isa = XCBuildConfiguration;
			buildSettings = {
				ALWAYS_SEARCH_USER_PATHS = NO;
				CLANG_ANALYZER_NONNULL = YES;
				CLANG_ANALYZER_NUMBER_OBJECT_CONVERSION = YES_AGGRESSIVE;
				CLANG_CXX_LANGUAGE_STANDARD = "gnu++20";
				CLANG_ENABLE_MODULES = YES;
				CLANG_ENABLE_OBJC_ARC = YES;
				CLANG_ENABLE_OBJC_WEAK = YES;
				CLANG_WARN_BLOCK_CAPTURE_AUTORELEASING = YES;
				CLANG_WARN_BOOL_CONVERSION = YES;
				CLANG_WARN_COMMA = YES;
				CLANG_WARN_CONSTANT_CONVERSION = YES;
				CLANG_WARN_DEPRECATED_OBJC_IMPLEMENTATIONS = YES;
				CLANG_WARN_DIRECT_OBJC_ISA_USAGE = YES_ERROR;
				CLANG_WARN_DOCUMENTATION_COMMENTS = YES;
				CLANG_WARN_EMPTY_BODY = YES;
				CLANG_WARN_ENUM_CONVERSION = YES;
				CLANG_WARN_INFINITE_RECURSION = YES;
				CLANG_WARN_INT_CONVERSION = YES;
				CLANG_WARN_NON_LITERAL_NULL_CONVERSION = YES;
				CLANG_WARN_OBJC_IMPLICIT_RETAIN_SELF = YES;
				CLANG_WARN_OBJC_LITERAL_CONVERSION = YES;
				CLANG_WARN_OBJC_ROOT_CLASS = YES_ERROR;
				CLANG_WARN_QUOTED_INCLUDE_IN_FRAMEWORK_HEADER = YES;
				CLANG_WARN_RANGE_LOOP_ANALYSIS = YES;
				CLANG_WARN_STRICT_PROTOTYPES = YES;
				CLANG_WARN_SUSPICIOUS_MOVE = YES;
				CLANG_WARN_UNGUARDED_AVAILABILITY = YES_AGGRESSIVE;
				CLANG_WARN_UNREACHABLE_CODE = YES;
				CLANG_WARN__DUPLICATE_METHOD_MATCH = YES;
				COPY_PHASE_STRIP = NO;
				DEBUG_INFORMATION_FORMAT = "dwarf-with-dsym";
				ENABLE_NS_ASSERTIONS = NO;
				ENABLE_STRICT_OBJC_MSGSEND = YES;
				GCC_C_LANGUAGE_STANDARD = gnu11;
				GCC_NO_COMMON_BLOCKS = YES;
				GCC_WARN_64_TO_32_BIT_CONVERSION = YES;
				GCC_WARN_ABOUT_RETURN_TYPE = YES_ERROR;
				GCC_WARN_UNDECLARED_SELECTOR = YES;
				GCC_WARN_UNINITIALIZED_AUTOS = YES_AGGRESSIVE;
				GCC_WARN_UNUSED_FUNCTION = YES;
				GCC_WARN_UNUSED_VARIABLE = YES;
				MACOSX_DEPLOYMENT_TARGET = 13.0;
				MTL_ENABLE_DEBUG_INFO = NO;
				MTL_FAST_MATH = YES;
				SDKROOT = macosx;
			};
			name = Release;
		};
		78A896872A15F82600BC5B56 /* Debug */ = {
			isa = XCBuildConfiguration;
			buildSettings = {
				CODE_SIGN_STYLE = Automatic;
				DEVELOPMENT_TEAM = BM2R8F5YHC;
				DYLIB_COMPATIBILITY_VERSION = 1;
				DYLIB_CURRENT_VERSION = 1;
				EXECUTABLE_PREFIX = lib;
				GCC_PREPROCESSOR_DEFINITIONS = (
					"DEBUG=1",
					"$(inherited)",
					GL_SILENCE_DEPRECATION,
				);
				HEADER_SEARCH_PATHS = (
					/opt/homebrew/include,
					/opt/homebrew/opt/jpeg/include,
					/opt/homebrew/include/SDL2,
				);
				LIBRARY_SEARCH_PATHS = (
					/opt/homebrew/lib,
					/opt/homebrew/opt/jpeg/lib,
					/usr/lib,
					/usr/jpeg/lib,
				);
				OTHER_LDFLAGS = (
					"-lstorm",
					"-lSDL2",
					"-ljpeg",
				);
				PRODUCT_NAME = "$(TARGET_NAME)";
				SKIP_INSTALL = YES;
			};
			name = Debug;
		};
		78A896882A15F82600BC5B56 /* Release */ = {
			isa = XCBuildConfiguration;
			buildSettings = {
				CODE_SIGN_STYLE = Automatic;
				DEVELOPMENT_TEAM = BM2R8F5YHC;
				DYLIB_COMPATIBILITY_VERSION = 1;
				DYLIB_CURRENT_VERSION = 1;
				EXECUTABLE_PREFIX = lib;
				HEADER_SEARCH_PATHS = (
					/opt/homebrew/include,
					/opt/homebrew/opt/jpeg/include,
					/opt/homebrew/include/SDL2,
				);
				LIBRARY_SEARCH_PATHS = (
					/opt/homebrew/lib,
					/opt/homebrew/opt/jpeg/lib,
					/usr/lib,
					/usr/jpeg/lib,
				);
				OTHER_LDFLAGS = (
					"-lstorm",
					"-lSDL2",
					"-ljpeg",
				);
				PRODUCT_NAME = "$(TARGET_NAME)";
				SKIP_INSTALL = YES;
			};
			name = Release;
		};
/* End XCBuildConfiguration section */

/* Begin XCConfigurationList section */
		78A8967D2A15F82600BC5B56 /* Build configuration list for PBXProject "renderer" */ = {
			isa = XCConfigurationList;
			buildConfigurations = (
				78A896842A15F82600BC5B56 /* Debug */,
				78A896852A15F82600BC5B56 /* Release */,
			);
			defaultConfigurationIsVisible = 0;
			defaultConfigurationName = Release;
		};
		78A896862A15F82600BC5B56 /* Build configuration list for PBXNativeTarget "renderer" */ = {
			isa = XCConfigurationList;
			buildConfigurations = (
				78A896872A15F82600BC5B56 /* Debug */,
				78A896882A15F82600BC5B56 /* Release */,
			);
			defaultConfigurationIsVisible = 0;
			defaultConfigurationName = Release;
		};
/* End XCConfigurationList section */
	};
	rootObject = 78A8967A2A15F82600BC5B56 /* Project object */;
}
