// !$*UTF8*$!
{
	archiveVersion = 1;
	classes = {
	};
	objectVersion = 56;
	objects = {

/* Begin PBXBuildFile section */
		5DE0B2772A2E688400B6DA83 /* ui_fdf.c in Sources */ = {isa = PBXBuildFile; fileRef = 5DE0B2752A2E688400B6DA83 /* ui_fdf.c */; };
		7806B4672A57373400EE86BC /* parser.c in Sources */ = {isa = PBXBuildFile; fileRef = 7806B4662A57373400EE86BC /* parser.c */; };
		78120E632ACAAF9A00DC0064 /* s_selectskill.c in Sources */ = {isa = PBXBuildFile; fileRef = 78120E622ACAAF9A00DC0064 /* s_selectskill.c */; };
		78120E652ACAE8AA00DC0064 /* s_devotionaura.c in Sources */ = {isa = PBXBuildFile; fileRef = 78120E642ACAE8AA00DC0064 /* s_devotionaura.c */; };
		78120E672ACAF98700DC0064 /* s_holylight.c in Sources */ = {isa = PBXBuildFile; fileRef = 78120E662ACAF98700DC0064 /* s_holylight.c */; };
		78314AE42A2724A300062C4B /* g_metadata.c in Sources */ = {isa = PBXBuildFile; fileRef = 78314AE32A2724A300062C4B /* g_metadata.c */; };
		7859EF622A2D0DDB0099A70E /* ui_quests.c in Sources */ = {isa = PBXBuildFile; fileRef = 7859EF612A2D0DDB0099A70E /* ui_quests.c */; };
		785C745C2AA885930053B1CA /* g_items.c in Sources */ = {isa = PBXBuildFile; fileRef = 785C745B2AA885930053B1CA /* g_items.c */; };
		785C746D2AB5947B0053B1CA /* ui_console.c in Sources */ = {isa = PBXBuildFile; fileRef = 785C746C2AB5947B0053B1CA /* ui_console.c */; };
		785C746F2AB594ED0053B1CA /* ui_log.c in Sources */ = {isa = PBXBuildFile; fileRef = 785C746E2AB594ED0053B1CA /* ui_log.c */; };
		785D8FDD2A961E9F005A26B5 /* ui_init.c in Sources */ = {isa = PBXBuildFile; fileRef = 785D8FDC2A961E9F005A26B5 /* ui_init.c */; };
		786630612A188F4800266A62 /* g_phys.c in Sources */ = {isa = PBXBuildFile; fileRef = 7866305F2A188F4800266A62 /* g_phys.c */; };
		786630652A18BFAC00266A62 /* g_ai.c in Sources */ = {isa = PBXBuildFile; fileRef = 786630642A18BFAC00266A62 /* g_ai.c */; };
		78731BAC2A9E1EF600077EDE /* g_utils.c in Sources */ = {isa = PBXBuildFile; fileRef = 78731BAB2A9E1EF500077EDE /* g_utils.c */; };
		7874A53F2A8E9561006A8DB5 /* vm_compiler.c in Sources */ = {isa = PBXBuildFile; fileRef = 7874A53E2A8E9561006A8DB5 /* vm_compiler.c */; };
		7874A5432A93BBA2006A8DB5 /* ui_write.c in Sources */ = {isa = PBXBuildFile; fileRef = 7874A5422A93BBA2006A8DB5 /* ui_write.c */; };
		787B1D9A2A740D66003285E6 /* api_module.c in Sources */ = {isa = PBXBuildFile; fileRef = 787B1D992A740D66003285E6 /* api_module.c */; };
		787B1DAA2A7BB6E1003285E6 /* jass_parser.h in Headers */ = {isa = PBXBuildFile; fileRef = 787B1DA82A7BB6E1003285E6 /* jass_parser.h */; };
		787B1DAB2A7BB6E1003285E6 /* jass_parser.c in Sources */ = {isa = PBXBuildFile; fileRef = 787B1DA92A7BB6E1003285E6 /* jass_parser.c */; };
		787CFBBA2A6C2C4900B822F2 /* s_repair.c in Sources */ = {isa = PBXBuildFile; fileRef = 787CFBB92A6C2C4900B822F2 /* s_repair.c */; };
		787CFBBC2A6E70B700B822F2 /* s_stop.c in Sources */ = {isa = PBXBuildFile; fileRef = 787CFBBB2A6E70B700B822F2 /* s_stop.c */; };
		787CFBBE2A6E752F00B822F2 /* s_holdpos.c in Sources */ = {isa = PBXBuildFile; fileRef = 787CFBBD2A6E752F00B822F2 /* s_holdpos.c */; };
		787CFBC02A6E754100B822F2 /* s_patrol.c in Sources */ = {isa = PBXBuildFile; fileRef = 787CFBBF2A6E754100B822F2 /* s_patrol.c */; };
		787CFBC22A6E754E00B822F2 /* s_militia.c in Sources */ = {isa = PBXBuildFile; fileRef = 787CFBC12A6E754E00B822F2 /* s_militia.c */; };
		787CFBC52A6EEC8E00B822F2 /* g_save.c in Sources */ = {isa = PBXBuildFile; fileRef = 787CFBC42A6EEC8E00B822F2 /* g_save.c */; };
		787CFBC72A6FA46500B822F2 /* vm_main.c in Sources */ = {isa = PBXBuildFile; fileRef = 787CFBC62A6FA46500B822F2 /* vm_main.c */; };
		7892D52D2AA609B8002EBB6E /* g_events.c in Sources */ = {isa = PBXBuildFile; fileRef = 7892D52C2AA609B8002EBB6E /* g_events.c */; };
		7893D1252A614222005365DA /* s_train.c in Sources */ = {isa = PBXBuildFile; fileRef = 7893D1242A614222005365DA /* s_train.c */; };
		78A000E82A3C8B5B00FE16C9 /* m_tree.c in Sources */ = {isa = PBXBuildFile; fileRef = 78A000E72A3C8B5B00FE16C9 /* m_tree.c */; };
		78A000EB2A3CEB0A00FE16C9 /* s_harvest_lumber.c in Sources */ = {isa = PBXBuildFile; fileRef = 78A000EA2A3CEB0A00FE16C9 /* s_harvest_lumber.c */; };
		78A000EF2A3E28AD00FE16C9 /* s_move.c in Sources */ = {isa = PBXBuildFile; fileRef = 78A000EE2A3E28AD00FE16C9 /* s_move.c */; };
		78A000F22A3F34E900FE16C9 /* g_metadata.h in Sources */ = {isa = PBXBuildFile; fileRef = 78A000F12A3F34E900FE16C9 /* g_metadata.h */; };
		78A000F62A3F6E9C00FE16C9 /* s_attack.c in Sources */ = {isa = PBXBuildFile; fileRef = 78A000F52A3F6E9C00FE16C9 /* s_attack.c */; };
		78A000F82A40217800FE16C9 /* s_build.c in Sources */ = {isa = PBXBuildFile; fileRef = 78A000F72A40217800FE16C9 /* s_build.c */; };
		78A8966F2A15F7D600BC5B56 /* g_local.h in Headers */ = {isa = PBXBuildFile; fileRef = 78A896682A15F7D600BC5B56 /* g_local.h */; };
		78A896702A15F7D600BC5B56 /* g_spawn.c in Sources */ = {isa = PBXBuildFile; fileRef = 78A896692A15F7D600BC5B56 /* g_spawn.c */; };
		78A896722A15F7D600BC5B56 /* g_main.c in Sources */ = {isa = PBXBuildFile; fileRef = 78A8966B2A15F7D600BC5B56 /* g_main.c */; };
		78A896752A15F7D600BC5B56 /* m_unit.c in Sources */ = {isa = PBXBuildFile; fileRef = 78A8966E2A15F7D600BC5B56 /* m_unit.c */; };
		78BBB9A72A435D8300B0FC57 /* g_pathing.c in Sources */ = {isa = PBXBuildFile; fileRef = 78BBB9A62A435D8300B0FC57 /* g_pathing.c */; };
		78BBB9AB2A44CC2000B0FC57 /* s_goldmine.c in Sources */ = {isa = PBXBuildFile; fileRef = 78BBB9AA2A44CC2000B0FC57 /* s_goldmine.c */; };
		78C453902A1E7F2E00C93B16 /* g_commands.c in Sources */ = {isa = PBXBuildFile; fileRef = 78C4538F2A1E7F2E00C93B16 /* g_commands.c */; };
		78E91BFB2A169439003D9F3A /* g_monster.c in Sources */ = {isa = PBXBuildFile; fileRef = 78E91BFA2A169439003D9F3A /* g_monster.c */; };
		78E91BFE2A169771003D9F3A /* libcmath3.dylib in Frameworks */ = {isa = PBXBuildFile; fileRef = 78E91BFD2A169771003D9F3A /* libcmath3.dylib */; };
		78ED1A972A47714F00C42E21 /* s_cancel.c in Sources */ = {isa = PBXBuildFile; fileRef = 78ED1A962A47714F00C42E21 /* s_cancel.c */; };
		78FC6C362A25F66500C9F93D /* s_skills.c in Sources */ = {isa = PBXBuildFile; fileRef = 78FC6C352A25F66500C9F93D /* s_skills.c */; };
/* End PBXBuildFile section */

/* Begin PBXFileReference section */
		5DE0B2752A2E688400B6DA83 /* ui_fdf.c */ = {isa = PBXFileReference; lastKnownFileType = sourcecode.c.c; path = ui_fdf.c; sourceTree = "<group>"; };
		7806B4662A57373400EE86BC /* parser.c */ = {isa = PBXFileReference; lastKnownFileType = sourcecode.c.c; path = parser.c; sourceTree = "<group>"; };
		7806B4682A57375300EE86BC /* parser.h */ = {isa = PBXFileReference; lastKnownFileType = sourcecode.c.h; path = parser.h; sourceTree = "<group>"; };
		78120E5B2AC454D500DC0064 /* api_effect.h */ = {isa = PBXFileReference; lastKnownFileType = sourcecode.c.h; path = api_effect.h; sourceTree = "<group>"; };
		78120E622ACAAF9A00DC0064 /* s_selectskill.c */ = {isa = PBXFileReference; lastKnownFileType = sourcecode.c.c; path = s_selectskill.c; sourceTree = "<group>"; };
		78120E642ACAE8AA00DC0064 /* s_devotionaura.c */ = {isa = PBXFileReference; lastKnownFileType = sourcecode.c.c; path = s_devotionaura.c; sourceTree = "<group>"; };
		78120E662ACAF98700DC0064 /* s_holylight.c */ = {isa = PBXFileReference; lastKnownFileType = sourcecode.c.c; path = s_holylight.c; sourceTree = "<group>"; };
		78120E682ACD897D00DC0064 /* api_cinefilter.h */ = {isa = PBXFileReference; lastKnownFileType = sourcecode.c.h; path = api_cinefilter.h; sourceTree = "<group>"; };
		782D49972A29DEB6007793C7 /* g_shared.h */ = {isa = PBXFileReference; lastKnownFileType = sourcecode.c.h; path = g_shared.h; sourceTree = "<group>"; };
		78314AE32A2724A300062C4B /* g_metadata.c */ = {isa = PBXFileReference; lastKnownFileType = sourcecode.c.c; path = g_metadata.c; sourceTree = "<group>"; };
		7859EF612A2D0DDB0099A70E /* ui_quests.c */ = {isa = PBXFileReference; lastKnownFileType = sourcecode.c.c; path = ui_quests.c; sourceTree = "<group>"; };
		785C74592AA87E840053B1CA /* api_item.h */ = {isa = PBXFileReference; lastKnownFileType = sourcecode.c.h; path = api_item.h; sourceTree = "<group>"; };
		785C745A2AA87EC30053B1CA /* api_misc.h */ = {isa = PBXFileReference; lastKnownFileType = sourcecode.c.h; path = api_misc.h; sourceTree = "<group>"; };
		785C745B2AA885930053B1CA /* g_items.c */ = {isa = PBXFileReference; lastKnownFileType = sourcecode.c.c; path = g_items.c; sourceTree = "<group>"; };
		785C746A2AB09F680053B1CA /* api_quest.h */ = {isa = PBXFileReference; lastKnownFileType = sourcecode.c.h; path = api_quest.h; sourceTree = "<group>"; };
		785C746C2AB5947B0053B1CA /* ui_console.c */ = {isa = PBXFileReference; lastKnownFileType = sourcecode.c.c; path = ui_console.c; sourceTree = "<group>"; };
		785C746E2AB594ED0053B1CA /* ui_log.c */ = {isa = PBXFileReference; lastKnownFileType = sourcecode.c.c; path = ui_log.c; sourceTree = "<group>"; };
		785D8FDC2A961E9F005A26B5 /* ui_init.c */ = {isa = PBXFileReference; lastKnownFileType = sourcecode.c.c; path = ui_init.c; sourceTree = "<group>"; };
		7866305F2A188F4800266A62 /* g_phys.c */ = {isa = PBXFileReference; lastKnownFileType = sourcecode.c.c; path = g_phys.c; sourceTree = "<group>"; };
		786630642A18BFAC00266A62 /* g_ai.c */ = {isa = PBXFileReference; lastKnownFileType = sourcecode.c.c; path = g_ai.c; sourceTree = "<group>"; };
		786637B62A1A5B6200266A62 /* warcraftdoc.txt */ = {isa = PBXFileReference; lastKnownFileType = text; path = warcraftdoc.txt; sourceTree = "<group>"; };
		78731BAA2A9DE4ED00077EDE /* api_trigger.h */ = {isa = PBXFileReference; lastKnownFileType = sourcecode.c.h; path = api_trigger.h; sourceTree = "<group>"; };
		78731BAB2A9E1EF500077EDE /* g_utils.c */ = {isa = PBXFileReference; lastKnownFileType = sourcecode.c.c; path = g_utils.c; sourceTree = "<group>"; };
		78731BAE2A9E284700077EDE /* api_group.h */ = {isa = PBXFileReference; lastKnownFileType = sourcecode.c.h; path = api_group.h; sourceTree = "<group>"; };
		78731BB12A9E2BAB00077EDE /* api_math.h */ = {isa = PBXFileReference; lastKnownFileType = sourcecode.c.h; path = api_math.h; sourceTree = "<group>"; };
		78731BB22A9E70BE00077EDE /* api_macros.h */ = {isa = PBXFileReference; lastKnownFileType = sourcecode.c.h; path = api_macros.h; sourceTree = "<group>"; };
		7874A5252A8A5A8F006A8DB5 /* api_unit.h */ = {isa = PBXFileReference; lastKnownFileType = sourcecode.c.h; path = api_unit.h; sourceTree = "<group>"; };
		7874A5262A8A5BE7006A8DB5 /* api_camera.h */ = {isa = PBXFileReference; lastKnownFileType = sourcecode.c.h; path = api_camera.h; sourceTree = "<group>"; };
		7874A5272A8A5C75006A8DB5 /* api_player.h */ = {isa = PBXFileReference; lastKnownFileType = sourcecode.c.h; path = api_player.h; sourceTree = "<group>"; };
		7874A5282A8A5D34006A8DB5 /* api_leaderboard.h */ = {isa = PBXFileReference; lastKnownFileType = sourcecode.c.h; path = api_leaderboard.h; sourceTree = "<group>"; };
		7874A5292A8A5DF9006A8DB5 /* api_destructable.h */ = {isa = PBXFileReference; lastKnownFileType = sourcecode.c.h; path = api_destructable.h; sourceTree = "<group>"; };
		7874A52A2A8AB02D006A8DB5 /* api_sound.h */ = {isa = PBXFileReference; lastKnownFileType = sourcecode.c.h; path = api_sound.h; sourceTree = "<group>"; };
		7874A53E2A8E9561006A8DB5 /* vm_compiler.c */ = {isa = PBXFileReference; lastKnownFileType = sourcecode.c.c; path = vm_compiler.c; sourceTree = "<group>"; };
		7874A5402A8E9DAC006A8DB5 /* vm_bytecode.h */ = {isa = PBXFileReference; lastKnownFileType = sourcecode.c.h; path = vm_bytecode.h; sourceTree = "<group>"; };
		7874A5422A93BBA2006A8DB5 /* ui_write.c */ = {isa = PBXFileReference; lastKnownFileType = sourcecode.c.c; path = ui_write.c; sourceTree = "<group>"; };
		787B1D952A73FADB003285E6 /* vm_public.h */ = {isa = PBXFileReference; lastKnownFileType = sourcecode.c.h; path = vm_public.h; sourceTree = "<group>"; };
		787B1D992A740D66003285E6 /* api_module.c */ = {isa = PBXFileReference; lastKnownFileType = sourcecode.c.c; path = api_module.c; sourceTree = "<group>"; };
		787B1DA82A7BB6E1003285E6 /* jass_parser.h */ = {isa = PBXFileReference; lastKnownFileType = sourcecode.c.h; path = jass_parser.h; sourceTree = "<group>"; };
		787B1DA92A7BB6E1003285E6 /* jass_parser.c */ = {isa = PBXFileReference; lastKnownFileType = sourcecode.c.c; path = jass_parser.c; sourceTree = "<group>"; };
		787CFBB92A6C2C4900B822F2 /* s_repair.c */ = {isa = PBXFileReference; lastKnownFileType = sourcecode.c.c; path = s_repair.c; sourceTree = "<group>"; };
		787CFBBB2A6E70B700B822F2 /* s_stop.c */ = {isa = PBXFileReference; lastKnownFileType = sourcecode.c.c; path = s_stop.c; sourceTree = "<group>"; };
		787CFBBD2A6E752F00B822F2 /* s_holdpos.c */ = {isa = PBXFileReference; lastKnownFileType = sourcecode.c.c; path = s_holdpos.c; sourceTree = "<group>"; };
		787CFBBF2A6E754100B822F2 /* s_patrol.c */ = {isa = PBXFileReference; lastKnownFileType = sourcecode.c.c; path = s_patrol.c; sourceTree = "<group>"; };
		787CFBC12A6E754E00B822F2 /* s_militia.c */ = {isa = PBXFileReference; lastKnownFileType = sourcecode.c.c; path = s_militia.c; sourceTree = "<group>"; };
		787CFBC32A6EBA3C00B822F2 /* s_skills.h */ = {isa = PBXFileReference; lastKnownFileType = sourcecode.c.h; path = s_skills.h; sourceTree = "<group>"; };
		787CFBC42A6EEC8E00B822F2 /* g_save.c */ = {isa = PBXFileReference; lastKnownFileType = sourcecode.c.c; path = g_save.c; sourceTree = "<group>"; };
		787CFBC62A6FA46500B822F2 /* vm_main.c */ = {isa = PBXFileReference; lastKnownFileType = sourcecode.c.c; path = vm_main.c; sourceTree = "<group>"; };
		7892D52C2AA609B8002EBB6E /* g_events.c */ = {isa = PBXFileReference; lastKnownFileType = sourcecode.c.c; path = g_events.c; sourceTree = "<group>"; };
		7893D1242A614222005365DA /* s_train.c */ = {isa = PBXFileReference; lastKnownFileType = sourcecode.c.c; path = s_train.c; sourceTree = "<group>"; };
		78A000E72A3C8B5B00FE16C9 /* m_tree.c */ = {isa = PBXFileReference; lastKnownFileType = sourcecode.c.c; path = m_tree.c; sourceTree = "<group>"; };
		78A000E92A3CA9A000FE16C9 /* common.txt */ = {isa = PBXFileReference; lastKnownFileType = text; path = common.txt; sourceTree = "<group>"; };
		78A000EA2A3CEB0A00FE16C9 /* s_harvest_lumber.c */ = {isa = PBXFileReference; lastKnownFileType = sourcecode.c.c; path = s_harvest_lumber.c; sourceTree = "<group>"; };
		78A000EE2A3E28AD00FE16C9 /* s_move.c */ = {isa = PBXFileReference; lastKnownFileType = sourcecode.c.c; path = s_move.c; sourceTree = "<group>"; };
		78A000F02A3ED5A100FE16C9 /* g_unitdata.h */ = {isa = PBXFileReference; lastKnownFileType = sourcecode.c.h; path = g_unitdata.h; sourceTree = "<group>"; };
		78A000F12A3F34E900FE16C9 /* g_metadata.h */ = {isa = PBXFileReference; lastKnownFileType = sourcecode.c.h; path = g_metadata.h; sourceTree = "<group>"; };
		78A000F52A3F6E9C00FE16C9 /* s_attack.c */ = {isa = PBXFileReference; lastKnownFileType = sourcecode.c.c; path = s_attack.c; sourceTree = "<group>"; };
		78A000F72A40217800FE16C9 /* s_build.c */ = {isa = PBXFileReference; lastKnownFileType = sourcecode.c.c; path = s_build.c; sourceTree = "<group>"; };
		78A8964D2A15F7A500BC5B56 /* libgame.dylib */ = {isa = PBXFileReference; explicitFileType = "compiled.mach-o.dylib"; includeInIndex = 0; path = libgame.dylib; sourceTree = BUILT_PRODUCTS_DIR; };
		78A896682A15F7D600BC5B56 /* g_local.h */ = {isa = PBXFileReference; fileEncoding = 4; lastKnownFileType = sourcecode.c.h; path = g_local.h; sourceTree = "<group>"; };
		78A896692A15F7D600BC5B56 /* g_spawn.c */ = {isa = PBXFileReference; fileEncoding = 4; lastKnownFileType = sourcecode.c.c; path = g_spawn.c; sourceTree = "<group>"; };
		78A8966B2A15F7D600BC5B56 /* g_main.c */ = {isa = PBXFileReference; fileEncoding = 4; lastKnownFileType = sourcecode.c.c; path = g_main.c; sourceTree = "<group>"; };
		78A8966E2A15F7D600BC5B56 /* m_unit.c */ = {isa = PBXFileReference; fileEncoding = 4; lastKnownFileType = sourcecode.c.c; path = m_unit.c; sourceTree = "<group>"; };
		78BBB9A62A435D8300B0FC57 /* g_pathing.c */ = {isa = PBXFileReference; lastKnownFileType = sourcecode.c.c; path = g_pathing.c; sourceTree = "<group>"; };
		78BBB9AA2A44CC2000B0FC57 /* s_goldmine.c */ = {isa = PBXFileReference; lastKnownFileType = sourcecode.c.c; path = s_goldmine.c; sourceTree = "<group>"; };
		78C4538F2A1E7F2E00C93B16 /* g_commands.c */ = {isa = PBXFileReference; lastKnownFileType = sourcecode.c.c; path = g_commands.c; sourceTree = "<group>"; };
		78E91BFA2A169439003D9F3A /* g_monster.c */ = {isa = PBXFileReference; lastKnownFileType = sourcecode.c.c; path = g_monster.c; sourceTree = "<group>"; };
		78E91BFD2A169771003D9F3A /* libcmath3.dylib */ = {isa = PBXFileReference; explicitFileType = "compiled.mach-o.dylib"; path = libcmath3.dylib; sourceTree = BUILT_PRODUCTS_DIR; };
		78ED1A962A47714F00C42E21 /* s_cancel.c */ = {isa = PBXFileReference; lastKnownFileType = sourcecode.c.c; path = s_cancel.c; sourceTree = "<group>"; };
		78FC6C352A25F66500C9F93D /* s_skills.c */ = {isa = PBXFileReference; lastKnownFileType = sourcecode.c.c; path = s_skills.c; sourceTree = "<group>"; };
/* End PBXFileReference section */

/* Begin PBXFrameworksBuildPhase section */
		78A8964B2A15F7A500BC5B56 /* Frameworks */ = {
			isa = PBXFrameworksBuildPhase;
			buildActionMask = 2147483647;
			files = (
				78E91BFE2A169771003D9F3A /* libcmath3.dylib in Frameworks */,
			);
			runOnlyForDeploymentPostprocessing = 0;
		};
/* End PBXFrameworksBuildPhase section */

/* Begin PBXGroup section */
		78120E5A2AC4520100DC0064 /* api */ = {
			isa = PBXGroup;
			children = (
				787B1D992A740D66003285E6 /* api_module.c */,
				7874A5262A8A5BE7006A8DB5 /* api_camera.h */,
				7874A5292A8A5DF9006A8DB5 /* api_destructable.h */,
				78120E682ACD897D00DC0064 /* api_cinefilter.h */,
				78120E5B2AC454D500DC0064 /* api_effect.h */,
				78731BAE2A9E284700077EDE /* api_group.h */,
				785C74592AA87E840053B1CA /* api_item.h */,
				7874A5282A8A5D34006A8DB5 /* api_leaderboard.h */,
				78731BB22A9E70BE00077EDE /* api_macros.h */,
				78731BB12A9E2BAB00077EDE /* api_math.h */,
				785C745A2AA87EC30053B1CA /* api_misc.h */,
				7874A5272A8A5C75006A8DB5 /* api_player.h */,
				785C746A2AB09F680053B1CA /* api_quest.h */,
				7874A52A2A8AB02D006A8DB5 /* api_sound.h */,
				78731BAA2A9DE4ED00077EDE /* api_trigger.h */,
				7874A5252A8A5A8F006A8DB5 /* api_unit.h */,
			);
			path = api;
			sourceTree = "<group>";
		};
		785C746B2AB594400053B1CA /* hud */ = {
			isa = PBXGroup;
			children = (
				7859EF612A2D0DDB0099A70E /* ui_quests.c */,
				785C746C2AB5947B0053B1CA /* ui_console.c */,
				785C746E2AB594ED0053B1CA /* ui_log.c */,
			);
			path = hud;
			sourceTree = "<group>";
		};
		7874A5412A93BB83006A8DB5 /* ui */ = {
			isa = PBXGroup;
			children = (
				5DE0B2752A2E688400B6DA83 /* ui_fdf.c */,
				7874A5422A93BBA2006A8DB5 /* ui_write.c */,
				785D8FDC2A961E9F005A26B5 /* ui_init.c */,
			);
			path = ui;
			sourceTree = "<group>";
		};
		787B1D982A740C8E003285E6 /* jass */ = {
			isa = PBXGroup;
			children = (
				787B1DA92A7BB6E1003285E6 /* jass_parser.c */,
				7874A53E2A8E9561006A8DB5 /* vm_compiler.c */,
				787CFBC62A6FA46500B822F2 /* vm_main.c */,
				787B1DA82A7BB6E1003285E6 /* jass_parser.h */,
				7874A5402A8E9DAC006A8DB5 /* vm_bytecode.h */,
				787B1D952A73FADB003285E6 /* vm_public.h */,
			);
			path = jass;
			sourceTree = "<group>";
		};
		78A000F42A3F648200FE16C9 /* skills */ = {
			isa = PBXGroup;
			children = (
				78A000F52A3F6E9C00FE16C9 /* s_attack.c */,
				78A000F72A40217800FE16C9 /* s_build.c */,
				78ED1A962A47714F00C42E21 /* s_cancel.c */,
				78120E642ACAE8AA00DC0064 /* s_devotionaura.c */,
				78BBB9AA2A44CC2000B0FC57 /* s_goldmine.c */,
				78A000EA2A3CEB0A00FE16C9 /* s_harvest_lumber.c */,
				787CFBBD2A6E752F00B822F2 /* s_holdpos.c */,
				78120E662ACAF98700DC0064 /* s_holylight.c */,
				787CFBC12A6E754E00B822F2 /* s_militia.c */,
				78A000EE2A3E28AD00FE16C9 /* s_move.c */,
				787CFBBF2A6E754100B822F2 /* s_patrol.c */,
				787CFBB92A6C2C4900B822F2 /* s_repair.c */,
				78120E622ACAAF9A00DC0064 /* s_selectskill.c */,
				78FC6C352A25F66500C9F93D /* s_skills.c */,
				787CFBBB2A6E70B700B822F2 /* s_stop.c */,
				7893D1242A614222005365DA /* s_train.c */,
				787CFBC32A6EBA3C00B822F2 /* s_skills.h */,
			);
			path = skills;
			sourceTree = "<group>";
		};
		78A896442A15F7A500BC5B56 = {
			isa = PBXGroup;
			children = (
				78120E5A2AC4520100DC0064 /* api */,
				787B1D982A740C8E003285E6 /* jass */,
				785C746B2AB594400053B1CA /* hud */,
				78A000F42A3F648200FE16C9 /* skills */,
				7874A5412A93BB83006A8DB5 /* ui */,
				78E91BFC2A169771003D9F3A /* Frameworks */,
				78A8964E2A15F7A500BC5B56 /* Products */,
				786630642A18BFAC00266A62 /* g_ai.c */,
				78C4538F2A1E7F2E00C93B16 /* g_commands.c */,
				7892D52C2AA609B8002EBB6E /* g_events.c */,
				785C745B2AA885930053B1CA /* g_items.c */,
				78A8966B2A15F7D600BC5B56 /* g_main.c */,
				78314AE32A2724A300062C4B /* g_metadata.c */,
				78E91BFA2A169439003D9F3A /* g_monster.c */,
				78BBB9A62A435D8300B0FC57 /* g_pathing.c */,
				7866305F2A188F4800266A62 /* g_phys.c */,
				787CFBC42A6EEC8E00B822F2 /* g_save.c */,
				78A896692A15F7D600BC5B56 /* g_spawn.c */,
				78731BAB2A9E1EF500077EDE /* g_utils.c */,
				78A000E72A3C8B5B00FE16C9 /* m_tree.c */,
				78A8966E2A15F7D600BC5B56 /* m_unit.c */,
				7806B4662A57373400EE86BC /* parser.c */,
				78A896682A15F7D600BC5B56 /* g_local.h */,
				78A000F12A3F34E900FE16C9 /* g_metadata.h */,
				782D49972A29DEB6007793C7 /* g_shared.h */,
				78A000F02A3ED5A100FE16C9 /* g_unitdata.h */,
				7806B4682A57375300EE86BC /* parser.h */,
				78A000E92A3CA9A000FE16C9 /* common.txt */,
				786637B62A1A5B6200266A62 /* warcraftdoc.txt */,
			);
			sourceTree = "<group>";
		};
		78A8964E2A15F7A500BC5B56 /* Products */ = {
			isa = PBXGroup;
			children = (
				78A8964D2A15F7A500BC5B56 /* libgame.dylib */,
			);
			name = Products;
			sourceTree = "<group>";
		};
		78E91BFC2A169771003D9F3A /* Frameworks */ = {
			isa = PBXGroup;
			children = (
				78E91BFD2A169771003D9F3A /* libcmath3.dylib */,
			);
			name = Frameworks;
			sourceTree = "<group>";
		};
/* End PBXGroup section */

/* Begin PBXHeadersBuildPhase section */
		78A896492A15F7A500BC5B56 /* Headers */ = {
			isa = PBXHeadersBuildPhase;
			buildActionMask = 2147483647;
			files = (
				787B1DAA2A7BB6E1003285E6 /* jass_parser.h in Headers */,
				78A8966F2A15F7D600BC5B56 /* g_local.h in Headers */,
			);
			runOnlyForDeploymentPostprocessing = 0;
		};
/* End PBXHeadersBuildPhase section */

/* Begin PBXNativeTarget section */
		78A8964C2A15F7A500BC5B56 /* game */ = {
			isa = PBXNativeTarget;
			buildConfigurationList = 78A896512A15F7A500BC5B56 /* Build configuration list for PBXNativeTarget "game" */;
			buildPhases = (
				78A896492A15F7A500BC5B56 /* Headers */,
				78A8964A2A15F7A500BC5B56 /* Sources */,
				78A8964B2A15F7A500BC5B56 /* Frameworks */,
			);
			buildRules = (
			);
			dependencies = (
			);
			name = game;
			productName = game;
			productReference = 78A8964D2A15F7A500BC5B56 /* libgame.dylib */;
			productType = "com.apple.product-type.library.dynamic";
		};
/* End PBXNativeTarget section */

/* Begin PBXProject section */
		78A896452A15F7A500BC5B56 /* Project object */ = {
			isa = PBXProject;
			attributes = {
				BuildIndependentTargetsInParallel = 1;
				LastUpgradeCheck = 1430;
				TargetAttributes = {
					78A8964C2A15F7A500BC5B56 = {
						CreatedOnToolsVersion = 14.2;
					};
				};
			};
			buildConfigurationList = 78A896482A15F7A500BC5B56 /* Build configuration list for PBXProject "game" */;
			compatibilityVersion = "Xcode 14.0";
			developmentRegion = en;
			hasScannedForEncodings = 0;
			knownRegions = (
				en,
				Base,
			);
			mainGroup = 78A896442A15F7A500BC5B56;
			productRefGroup = 78A8964E2A15F7A500BC5B56 /* Products */;
			projectDirPath = "";
			projectRoot = "";
			targets = (
				78A8964C2A15F7A500BC5B56 /* game */,
			);
		};
/* End PBXProject section */

/* Begin PBXSourcesBuildPhase section */
		78A8964A2A15F7A500BC5B56 /* Sources */ = {
			isa = PBXSourcesBuildPhase;
			buildActionMask = 2147483647;
			files = (
				785C746F2AB594ED0053B1CA /* ui_log.c in Sources */,
				78A000F22A3F34E900FE16C9 /* g_metadata.h in Sources */,
				78120E672ACAF98700DC0064 /* s_holylight.c in Sources */,
				787B1DAB2A7BB6E1003285E6 /* jass_parser.c in Sources */,
				78A896722A15F7D600BC5B56 /* g_main.c in Sources */,
				787CFBBC2A6E70B700B822F2 /* s_stop.c in Sources */,
				7806B4672A57373400EE86BC /* parser.c in Sources */,
				786630612A188F4800266A62 /* g_phys.c in Sources */,
				787CFBC72A6FA46500B822F2 /* vm_main.c in Sources */,
				78731BAC2A9E1EF600077EDE /* g_utils.c in Sources */,
				78120E652ACAE8AA00DC0064 /* s_devotionaura.c in Sources */,
				78120E632ACAAF9A00DC0064 /* s_selectskill.c in Sources */,
				7874A5432A93BBA2006A8DB5 /* ui_write.c in Sources */,
				787CFBC02A6E754100B822F2 /* s_patrol.c in Sources */,
				78ED1A972A47714F00C42E21 /* s_cancel.c in Sources */,
				785C746D2AB5947B0053B1CA /* ui_console.c in Sources */,
				78FC6C362A25F66500C9F93D /* s_skills.c in Sources */,
				7859EF622A2D0DDB0099A70E /* ui_quests.c in Sources */,
				78A000EF2A3E28AD00FE16C9 /* s_move.c in Sources */,
				7892D52D2AA609B8002EBB6E /* g_events.c in Sources */,
				785D8FDD2A961E9F005A26B5 /* ui_init.c in Sources */,
				78314AE42A2724A300062C4B /* g_metadata.c in Sources */,
				786630652A18BFAC00266A62 /* g_ai.c in Sources */,
				787CFBC52A6EEC8E00B822F2 /* g_save.c in Sources */,
				78A896752A15F7D600BC5B56 /* m_unit.c in Sources */,
				5DE0B2772A2E688400B6DA83 /* ui_fdf.c in Sources */,
				7893D1252A614222005365DA /* s_train.c in Sources */,
				78BBB9AB2A44CC2000B0FC57 /* s_goldmine.c in Sources */,
				78A000F82A40217800FE16C9 /* s_build.c in Sources */,
				787CFBBA2A6C2C4900B822F2 /* s_repair.c in Sources */,
				78A000EB2A3CEB0A00FE16C9 /* s_harvest_lumber.c in Sources */,
				78E91BFB2A169439003D9F3A /* g_monster.c in Sources */,
				78A000F62A3F6E9C00FE16C9 /* s_attack.c in Sources */,
				787CFBBE2A6E752F00B822F2 /* s_holdpos.c in Sources */,
				78A000E82A3C8B5B00FE16C9 /* m_tree.c in Sources */,
				78BBB9A72A435D8300B0FC57 /* g_pathing.c in Sources */,
				78A896702A15F7D600BC5B56 /* g_spawn.c in Sources */,
				78C453902A1E7F2E00C93B16 /* g_commands.c in Sources */,
				787CFBC22A6E754E00B822F2 /* s_militia.c in Sources */,
				7874A53F2A8E9561006A8DB5 /* vm_compiler.c in Sources */,
				785C745C2AA885930053B1CA /* g_items.c in Sources */,
				787B1D9A2A740D66003285E6 /* api_module.c in Sources */,
			);
			runOnlyForDeploymentPostprocessing = 0;
		};
/* End PBXSourcesBuildPhase section */

/* Begin XCBuildConfiguration section */
		78A8964F2A15F7A500BC5B56 /* Debug */ = {
			isa = XCBuildConfiguration;
			buildSettings = {
				ALWAYS_SEARCH_USER_PATHS = NO;
				CLANG_ANALYZER_NONNULL = YES;
				CLANG_ANALYZER_NUMBER_OBJECT_CONVERSION = YES_AGGRESSIVE;
				CLANG_CXX_LANGUAGE_STANDARD = "gnu++20";
				CLANG_ENABLE_MODULES = YES;
				CLANG_ENABLE_OBJC_ARC = YES;
				CLANG_ENABLE_OBJC_WEAK = YES;
				CLANG_WARN_BLOCK_CAPTURE_AUTORELEASING = YES;
				CLANG_WARN_BOOL_CONVERSION = YES;
				CLANG_WARN_COMMA = YES;
				CLANG_WARN_CONSTANT_CONVERSION = YES;
				CLANG_WARN_DEPRECATED_OBJC_IMPLEMENTATIONS = YES;
				CLANG_WARN_DIRECT_OBJC_ISA_USAGE = YES_ERROR;
				CLANG_WARN_DOCUMENTATION_COMMENTS = YES;
				CLANG_WARN_EMPTY_BODY = YES;
				CLANG_WARN_ENUM_CONVERSION = YES;
				CLANG_WARN_INFINITE_RECURSION = YES;
				CLANG_WARN_INT_CONVERSION = YES;
				CLANG_WARN_NON_LITERAL_NULL_CONVERSION = YES;
				CLANG_WARN_OBJC_IMPLICIT_RETAIN_SELF = YES;
				CLANG_WARN_OBJC_LITERAL_CONVERSION = YES;
				CLANG_WARN_OBJC_ROOT_CLASS = YES_ERROR;
				CLANG_WARN_QUOTED_INCLUDE_IN_FRAMEWORK_HEADER = YES;
				CLANG_WARN_RANGE_LOOP_ANALYSIS = YES;
				CLANG_WARN_STRICT_PROTOTYPES = YES;
				CLANG_WARN_SUSPICIOUS_MOVE = YES;
				CLANG_WARN_UNGUARDED_AVAILABILITY = YES_AGGRESSIVE;
				CLANG_WARN_UNREACHABLE_CODE = YES;
				CLANG_WARN__DUPLICATE_METHOD_MATCH = YES;
				COPY_PHASE_STRIP = NO;
				DEAD_CODE_STRIPPING = YES;
				DEBUG_INFORMATION_FORMAT = dwarf;
				ENABLE_STRICT_OBJC_MSGSEND = YES;
				ENABLE_TESTABILITY = YES;
				GCC_C_LANGUAGE_STANDARD = gnu11;
				GCC_DYNAMIC_NO_PIC = NO;
				GCC_NO_COMMON_BLOCKS = YES;
				GCC_OPTIMIZATION_LEVEL = 0;
				GCC_PREPROCESSOR_DEFINITIONS = (
					"DEBUG=1",
					"$(inherited)",
				);
				GCC_WARN_64_TO_32_BIT_CONVERSION = YES;
				GCC_WARN_ABOUT_RETURN_TYPE = YES_ERROR;
				GCC_WARN_UNDECLARED_SELECTOR = YES;
				GCC_WARN_UNINITIALIZED_AUTOS = YES_AGGRESSIVE;
				GCC_WARN_UNUSED_FUNCTION = YES;
				GCC_WARN_UNUSED_VARIABLE = YES;
				MACOSX_DEPLOYMENT_TARGET = 13.0;
				MTL_ENABLE_DEBUG_INFO = INCLUDE_SOURCE;
				MTL_FAST_MATH = YES;
				ONLY_ACTIVE_ARCH = YES;
				SDKROOT = macosx;
			};
			name = Debug;
		};
		78A896502A15F7A500BC5B56 /* Release */ = {
			isa = XCBuildConfiguration;
			buildSettings = {
				ALWAYS_SEARCH_USER_PATHS = NO;
				CLANG_ANALYZER_NONNULL = YES;
				CLANG_ANALYZER_NUMBER_OBJECT_CONVERSION = YES_AGGRESSIVE;
				CLANG_CXX_LANGUAGE_STANDARD = "gnu++20";
				CLANG_ENABLE_MODULES = YES;
				CLANG_ENABLE_OBJC_ARC = YES;
				CLANG_ENABLE_OBJC_WEAK = YES;
				CLANG_WARN_BLOCK_CAPTURE_AUTORELEASING = YES;
				CLANG_WARN_BOOL_CONVERSION = YES;
				CLANG_WARN_COMMA = YES;
				CLANG_WARN_CONSTANT_CONVERSION = YES;
				CLANG_WARN_DEPRECATED_OBJC_IMPLEMENTATIONS = YES;
				CLANG_WARN_DIRECT_OBJC_ISA_USAGE = YES_ERROR;
				CLANG_WARN_DOCUMENTATION_COMMENTS = YES;
				CLANG_WARN_EMPTY_BODY = YES;
				CLANG_WARN_ENUM_CONVERSION = YES;
				CLANG_WARN_INFINITE_RECURSION = YES;
				CLANG_WARN_INT_CONVERSION = YES;
				CLANG_WARN_NON_LITERAL_NULL_CONVERSION = YES;
				CLANG_WARN_OBJC_IMPLICIT_RETAIN_SELF = YES;
				CLANG_WARN_OBJC_LITERAL_CONVERSION = YES;
				CLANG_WARN_OBJC_ROOT_CLASS = YES_ERROR;
				CLANG_WARN_QUOTED_INCLUDE_IN_FRAMEWORK_HEADER = YES;
				CLANG_WARN_RANGE_LOOP_ANALYSIS = YES;
				CLANG_WARN_STRICT_PROTOTYPES = YES;
				CLANG_WARN_SUSPICIOUS_MOVE = YES;
				CLANG_WARN_UNGUARDED_AVAILABILITY = YES_AGGRESSIVE;
				CLANG_WARN_UNREACHABLE_CODE = YES;
				CLANG_WARN__DUPLICATE_METHOD_MATCH = YES;
				COPY_PHASE_STRIP = NO;
				DEAD_CODE_STRIPPING = YES;
				DEBUG_INFORMATION_FORMAT = "dwarf-with-dsym";
				ENABLE_NS_ASSERTIONS = NO;
				ENABLE_STRICT_OBJC_MSGSEND = YES;
				GCC_C_LANGUAGE_STANDARD = gnu11;
				GCC_NO_COMMON_BLOCKS = YES;
				GCC_WARN_64_TO_32_BIT_CONVERSION = YES;
				GCC_WARN_ABOUT_RETURN_TYPE = YES_ERROR;
				GCC_WARN_UNDECLARED_SELECTOR = YES;
				GCC_WARN_UNINITIALIZED_AUTOS = YES_AGGRESSIVE;
				GCC_WARN_UNUSED_FUNCTION = YES;
				GCC_WARN_UNUSED_VARIABLE = YES;
				MACOSX_DEPLOYMENT_TARGET = 13.0;
				MTL_ENABLE_DEBUG_INFO = NO;
				MTL_FAST_MATH = YES;
				SDKROOT = macosx;
			};
			name = Release;
		};
		78A896522A15F7A500BC5B56 /* Debug */ = {
			isa = XCBuildConfiguration;
			buildSettings = {
				CODE_SIGN_STYLE = Automatic;
				DEAD_CODE_STRIPPING = YES;
				DEVELOPMENT_TEAM = BM2R8F5YHC;
				DYLIB_COMPATIBILITY_VERSION = 1;
				DYLIB_CURRENT_VERSION = 1;
				EXECUTABLE_PREFIX = lib;
				HEADER_SEARCH_PATHS = /opt/homebrew/include;
				LIBRARY_SEARCH_PATHS = /opt/homebrew/lib;
				OTHER_LDFLAGS = "-lstorm";
				PRODUCT_NAME = "$(TARGET_NAME)";
				SKIP_INSTALL = YES;
			};
			name = Debug;
		};
		78A896532A15F7A500BC5B56 /* Release */ = {
			isa = XCBuildConfiguration;
			buildSettings = {
				CODE_SIGN_STYLE = Automatic;
				DEAD_CODE_STRIPPING = YES;
				DEVELOPMENT_TEAM = BM2R8F5YHC;
				DYLIB_COMPATIBILITY_VERSION = 1;
				DYLIB_CURRENT_VERSION = 1;
				EXECUTABLE_PREFIX = lib;
				HEADER_SEARCH_PATHS = /opt/homebrew/include;
				LIBRARY_SEARCH_PATHS = /opt/homebrew/lib;
				OTHER_LDFLAGS = "-lstorm";
				PRODUCT_NAME = "$(TARGET_NAME)";
				SKIP_INSTALL = YES;
			};
			name = Release;
		};
/* End XCBuildConfiguration section */

/* Begin XCConfigurationList section */
		78A896482A15F7A500BC5B56 /* Build configuration list for PBXProject "game" */ = {
			isa = XCConfigurationList;
			buildConfigurations = (
				78A8964F2A15F7A500BC5B56 /* Debug */,
				78A896502A15F7A500BC5B56 /* Release */,
			);
			defaultConfigurationIsVisible = 0;
			defaultConfigurationName = Release;
		};
		78A896512A15F7A500BC5B56 /* Build configuration list for PBXNativeTarget "game" */ = {
			isa = XCConfigurationList;
			buildConfigurations = (
				78A896522A15F7A500BC5B56 /* Debug */,
				78A896532A15F7A500BC5B56 /* Release */,
			);
			defaultConfigurationIsVisible = 0;
			defaultConfigurationName = Release;
		};
/* End XCConfigurationList section */
	};
	rootObject = 78A896452A15F7A500BC5B56 /* Project object */;
}
